// !$*UTF8*$!
{
	archiveVersion = 1;
	classes = {
	};
	objectVersion = 77;
	objects = {

/* Begin PBXBuildFile section */
		2504B9592D513D5E004D197F /* RestAPIFramework in Frameworks */ = {isa = PBXBuildFile; productRef = 2504B9582D513D5E004D197F /* RestAPIFramework */; };
		2514E0FD2D4E401B000E87B1 /* Kingfisher in Frameworks */ = {isa = PBXBuildFile; productRef = 2514E0FC2D4E401B000E87B1 /* Kingfisher */; };
/* End PBXBuildFile section */

/* Begin PBXContainerItemProxy section */
		25C6F54C2D4B6786004446C4 /* PBXContainerItemProxy */ = {
			isa = PBXContainerItemProxy;
			containerPortal = 25C6F52D2D4B6784004446C4 /* Project object */;
			proxyType = 1;
			remoteGlobalIDString = 25C6F5342D4B6784004446C4;
			remoteInfo = theMovieDB;
		};
		25C6F5562D4B6786004446C4 /* PBXContainerItemProxy */ = {
			isa = PBXContainerItemProxy;
			containerPortal = 25C6F52D2D4B6784004446C4 /* Project object */;
			proxyType = 1;
			remoteGlobalIDString = 25C6F5342D4B6784004446C4;
			remoteInfo = theMovieDB;
		};
/* End PBXContainerItemProxy section */

/* Begin PBXFileReference section */
		25C6F5352D4B6784004446C4 /* theMovieDB.app */ = {isa = PBXFileReference; explicitFileType = wrapper.application; includeInIndex = 0; path = theMovieDB.app; sourceTree = BUILT_PRODUCTS_DIR; };
		25C6F54B2D4B6786004446C4 /* theMovieDBTests.xctest */ = {isa = PBXFileReference; explicitFileType = wrapper.cfbundle; includeInIndex = 0; path = theMovieDBTests.xctest; sourceTree = BUILT_PRODUCTS_DIR; };
		25C6F5552D4B6786004446C4 /* theMovieDBUITests.xctest */ = {isa = PBXFileReference; explicitFileType = wrapper.cfbundle; includeInIndex = 0; path = theMovieDBUITests.xctest; sourceTree = BUILT_PRODUCTS_DIR; };
/* End PBXFileReference section */

/* Begin PBXFileSystemSynchronizedBuildFileExceptionSet section */
		25C6F55D2D4B6786004446C4 /* Exceptions for "theMovieDB" folder in "theMovieDB" target */ = {
			isa = PBXFileSystemSynchronizedBuildFileExceptionSet;
			membershipExceptions = (
				Info.plist,
			);
			target = 25C6F5342D4B6784004446C4 /* theMovieDB */;
		};
/* End PBXFileSystemSynchronizedBuildFileExceptionSet section */

/* Begin PBXFileSystemSynchronizedRootGroup section */
		25C6F5372D4B6784004446C4 /* theMovieDB */ = {
			isa = PBXFileSystemSynchronizedRootGroup;
			exceptions = (
				25C6F55D2D4B6786004446C4 /* Exceptions for "theMovieDB" folder in "theMovieDB" target */,
			);
			path = theMovieDB;
			sourceTree = "<group>";
		};
		25C6F54E2D4B6786004446C4 /* theMovieDBTests */ = {
			isa = PBXFileSystemSynchronizedRootGroup;
			path = theMovieDBTests;
			sourceTree = "<group>";
		};
		25C6F5582D4B6786004446C4 /* theMovieDBUITests */ = {
			isa = PBXFileSystemSynchronizedRootGroup;
			path = theMovieDBUITests;
			sourceTree = "<group>";
		};
/* End PBXFileSystemSynchronizedRootGroup section */

/* Begin PBXFrameworksBuildPhase section */
		25C6F5322D4B6784004446C4 /* Frameworks */ = {
			isa = PBXFrameworksBuildPhase;
			buildActionMask = 2147483647;
			files = (
				2504B9592D513D5E004D197F /* RestAPIFramework in Frameworks */,
				2514E0FD2D4E401B000E87B1 /* Kingfisher in Frameworks */,
			);
			runOnlyForDeploymentPostprocessing = 0;
		};
		25C6F5482D4B6786004446C4 /* Frameworks */ = {
			isa = PBXFrameworksBuildPhase;
			buildActionMask = 2147483647;
			files = (
			);
			runOnlyForDeploymentPostprocessing = 0;
		};
		25C6F5522D4B6786004446C4 /* Frameworks */ = {
			isa = PBXFrameworksBuildPhase;
			buildActionMask = 2147483647;
			files = (
			);
			runOnlyForDeploymentPostprocessing = 0;
		};
/* End PBXFrameworksBuildPhase section */

/* Begin PBXGroup section */
		2514E0FB2D4E401B000E87B1 /* Frameworks */ = {
			isa = PBXGroup;
			children = (
			);
			name = Frameworks;
			sourceTree = "<group>";
		};
		25C6F52C2D4B6784004446C4 = {
			isa = PBXGroup;
			children = (
				25C6F5372D4B6784004446C4 /* theMovieDB */,
				25C6F54E2D4B6786004446C4 /* theMovieDBTests */,
				25C6F5582D4B6786004446C4 /* theMovieDBUITests */,
				2514E0FB2D4E401B000E87B1 /* Frameworks */,
				25C6F5362D4B6784004446C4 /* Products */,
			);
			sourceTree = "<group>";
		};
		25C6F5362D4B6784004446C4 /* Products */ = {
			isa = PBXGroup;
			children = (
				25C6F5352D4B6784004446C4 /* theMovieDB.app */,
				25C6F54B2D4B6786004446C4 /* theMovieDBTests.xctest */,
				25C6F5552D4B6786004446C4 /* theMovieDBUITests.xctest */,
			);
			name = Products;
			sourceTree = "<group>";
		};
/* End PBXGroup section */

/* Begin PBXNativeTarget section */
		25C6F5342D4B6784004446C4 /* theMovieDB */ = {
			isa = PBXNativeTarget;
			buildConfigurationList = 25C6F55E2D4B6786004446C4 /* Build configuration list for PBXNativeTarget "theMovieDB" */;
			buildPhases = (
				25C6F5312D4B6784004446C4 /* Sources */,
				25C6F5322D4B6784004446C4 /* Frameworks */,
				25C6F5332D4B6784004446C4 /* Resources */,
			);
			buildRules = (
			);
			dependencies = (
			);
			fileSystemSynchronizedGroups = (
				25C6F5372D4B6784004446C4 /* theMovieDB */,
			);
			name = theMovieDB;
			packageProductDependencies = (
				2514E0FC2D4E401B000E87B1 /* Kingfisher */,
				2504B9582D513D5E004D197F /* RestAPIFramework */,
			);
			productName = theMovieDB;
			productReference = 25C6F5352D4B6784004446C4 /* theMovieDB.app */;
			productType = "com.apple.product-type.application";
		};
		25C6F54A2D4B6786004446C4 /* theMovieDBTests */ = {
			isa = PBXNativeTarget;
			buildConfigurationList = 25C6F5632D4B6786004446C4 /* Build configuration list for PBXNativeTarget "theMovieDBTests" */;
			buildPhases = (
				25C6F5472D4B6786004446C4 /* Sources */,
				25C6F5482D4B6786004446C4 /* Frameworks */,
				25C6F5492D4B6786004446C4 /* Resources */,
			);
			buildRules = (
			);
			dependencies = (
				25C6F54D2D4B6786004446C4 /* PBXTargetDependency */,
			);
			fileSystemSynchronizedGroups = (
				25C6F54E2D4B6786004446C4 /* theMovieDBTests */,
			);
			name = theMovieDBTests;
			packageProductDependencies = (
			);
			productName = theMovieDBTests;
			productReference = 25C6F54B2D4B6786004446C4 /* theMovieDBTests.xctest */;
			productType = "com.apple.product-type.bundle.unit-test";
		};
		25C6F5542D4B6786004446C4 /* theMovieDBUITests */ = {
			isa = PBXNativeTarget;
			buildConfigurationList = 25C6F5662D4B6786004446C4 /* Build configuration list for PBXNativeTarget "theMovieDBUITests" */;
			buildPhases = (
				25C6F5512D4B6786004446C4 /* Sources */,
				25C6F5522D4B6786004446C4 /* Frameworks */,
				25C6F5532D4B6786004446C4 /* Resources */,
			);
			buildRules = (
			);
			dependencies = (
				25C6F5572D4B6786004446C4 /* PBXTargetDependency */,
			);
			fileSystemSynchronizedGroups = (
				25C6F5582D4B6786004446C4 /* theMovieDBUITests */,
			);
			name = theMovieDBUITests;
			packageProductDependencies = (
			);
			productName = theMovieDBUITests;
			productReference = 25C6F5552D4B6786004446C4 /* theMovieDBUITests.xctest */;
			productType = "com.apple.product-type.bundle.ui-testing";
		};
/* End PBXNativeTarget section */

/* Begin PBXProject section */
		25C6F52D2D4B6784004446C4 /* Project object */ = {
			isa = PBXProject;
			attributes = {
				BuildIndependentTargetsInParallel = 1;
				LastSwiftUpdateCheck = 1620;
				LastUpgradeCheck = 1620;
				TargetAttributes = {
					25C6F5342D4B6784004446C4 = {
						CreatedOnToolsVersion = 16.2;
					};
					25C6F54A2D4B6786004446C4 = {
						CreatedOnToolsVersion = 16.2;
						TestTargetID = 25C6F5342D4B6784004446C4;
					};
					25C6F5542D4B6786004446C4 = {
						CreatedOnToolsVersion = 16.2;
						TestTargetID = 25C6F5342D4B6784004446C4;
					};
				};
			};
			buildConfigurationList = 25C6F5302D4B6784004446C4 /* Build configuration list for PBXProject "theMovieDB" */;
			developmentRegion = en;
			hasScannedForEncodings = 0;
			knownRegions = (
				en,
				Base,
			);
			mainGroup = 25C6F52C2D4B6784004446C4;
			minimizedProjectReferenceProxies = 1;
			packageReferences = (
				2514E0FA2D4E3DDB000E87B1 /* XCRemoteSwiftPackageReference "Kingfisher" */,
				2504B9572D513D5E004D197F /* XCRemoteSwiftPackageReference "RestAPIFramework" */,
			);
			preferredProjectObjectVersion = 77;
			productRefGroup = 25C6F5362D4B6784004446C4 /* Products */;
			projectDirPath = "";
			projectRoot = "";
			targets = (
				25C6F5342D4B6784004446C4 /* theMovieDB */,
				25C6F54A2D4B6786004446C4 /* theMovieDBTests */,
				25C6F5542D4B6786004446C4 /* theMovieDBUITests */,
			);
		};
/* End PBXProject section */

/* Begin PBXResourcesBuildPhase section */
		25C6F5332D4B6784004446C4 /* Resources */ = {
			isa = PBXResourcesBuildPhase;
			buildActionMask = 2147483647;
			files = (
			);
			runOnlyForDeploymentPostprocessing = 0;
		};
		25C6F5492D4B6786004446C4 /* Resources */ = {
			isa = PBXResourcesBuildPhase;
			buildActionMask = 2147483647;
			files = (
			);
			runOnlyForDeploymentPostprocessing = 0;
		};
		25C6F5532D4B6786004446C4 /* Resources */ = {
			isa = PBXResourcesBuildPhase;
			buildActionMask = 2147483647;
			files = (
			);
			runOnlyForDeploymentPostprocessing = 0;
		};
/* End PBXResourcesBuildPhase section */

/* Begin PBXSourcesBuildPhase section */
		25C6F5312D4B6784004446C4 /* Sources */ = {
			isa = PBXSourcesBuildPhase;
			buildActionMask = 2147483647;
			files = (
			);
			runOnlyForDeploymentPostprocessing = 0;
		};
		25C6F5472D4B6786004446C4 /* Sources */ = {
			isa = PBXSourcesBuildPhase;
			buildActionMask = 2147483647;
			files = (
			);
			runOnlyForDeploymentPostprocessing = 0;
		};
		25C6F5512D4B6786004446C4 /* Sources */ = {
			isa = PBXSourcesBuildPhase;
			buildActionMask = 2147483647;
			files = (
			);
			runOnlyForDeploymentPostprocessing = 0;
		};
/* End PBXSourcesBuildPhase section */

/* Begin PBXTargetDependency section */
		25C6F54D2D4B6786004446C4 /* PBXTargetDependency */ = {
			isa = PBXTargetDependency;
			target = 25C6F5342D4B6784004446C4 /* theMovieDB */;
			targetProxy = 25C6F54C2D4B6786004446C4 /* PBXContainerItemProxy */;
		};
		25C6F5572D4B6786004446C4 /* PBXTargetDependency */ = {
			isa = PBXTargetDependency;
			target = 25C6F5342D4B6784004446C4 /* theMovieDB */;
			targetProxy = 25C6F5562D4B6786004446C4 /* PBXContainerItemProxy */;
		};
/* End PBXTargetDependency section */

/* Begin XCBuildConfiguration section */
		25C6F55F2D4B6786004446C4 /* Debug */ = {
			isa = XCBuildConfiguration;
			buildSettings = {
				ASSETCATALOG_COMPILER_APPICON_NAME = AppIcon;
				ASSETCATALOG_COMPILER_GLOBAL_ACCENT_COLOR_NAME = AccentColor;
				CODE_SIGN_IDENTITY = "Apple Development";
				CODE_SIGN_STYLE = Automatic;
				CURRENT_PROJECT_VERSION = 1;
				DEVELOPMENT_TEAM = LPJ5DTUPLC;
				GENERATE_INFOPLIST_FILE = YES;
				INFOPLIST_FILE = theMovieDB/Info.plist;
				INFOPLIST_KEY_LSApplicationCategoryType = "public.app-category.entertainment";
				INFOPLIST_KEY_UIApplicationSupportsIndirectInputEvents = YES;
				INFOPLIST_KEY_UILaunchStoryboardName = LaunchScreen;
				INFOPLIST_KEY_UIMainStoryboardFile = Main;
				INFOPLIST_KEY_UISupportedInterfaceOrientations = UIInterfaceOrientationPortrait;
				INFOPLIST_KEY_UISupportedInterfaceOrientations_iPad = "UIInterfaceOrientationLandscapeLeft UIInterfaceOrientationLandscapeRight UIInterfaceOrientationPortrait UIInterfaceOrientationPortraitUpsideDown";
				IPHONEOS_DEPLOYMENT_TARGET = 18.0;
				LD_RUNPATH_SEARCH_PATHS = (
					"$(inherited)",
					"@executable_path/Frameworks",
				);
				MARKETING_VERSION = 1.0;
				PRODUCT_BUNDLE_IDENTIFIER = com.mwaqas91.theMovieDB;
				PRODUCT_NAME = "$(TARGET_NAME)";
				PROVISIONING_PROFILE_SPECIFIER = "";
				SUPPORTED_PLATFORMS = "iphoneos iphonesimulator";
				SUPPORTS_MACCATALYST = NO;
				SUPPORTS_MAC_DESIGNED_FOR_IPHONE_IPAD = NO;
				SUPPORTS_XR_DESIGNED_FOR_IPHONE_IPAD = NO;
				SWIFT_EMIT_LOC_STRINGS = YES;
				SWIFT_VERSION = 5.0;
				TARGETED_DEVICE_FAMILY = 1;
			};
			name = Debug;
		};
		25C6F5602D4B6786004446C4 /* Release */ = {
			isa = XCBuildConfiguration;
			buildSettings = {
				ASSETCATALOG_COMPILER_APPICON_NAME = AppIcon;
				ASSETCATALOG_COMPILER_GLOBAL_ACCENT_COLOR_NAME = AccentColor;
				CODE_SIGN_IDENTITY = "Apple Development";
				CODE_SIGN_STYLE = Automatic;
				CURRENT_PROJECT_VERSION = 1;
				DEVELOPMENT_TEAM = LPJ5DTUPLC;
				GENERATE_INFOPLIST_FILE = YES;
				INFOPLIST_FILE = theMovieDB/Info.plist;
				INFOPLIST_KEY_LSApplicationCategoryType = "public.app-category.entertainment";
				INFOPLIST_KEY_UIApplicationSupportsIndirectInputEvents = YES;
				INFOPLIST_KEY_UILaunchStoryboardName = LaunchScreen;
				INFOPLIST_KEY_UIMainStoryboardFile = Main;
				INFOPLIST_KEY_UISupportedInterfaceOrientations = UIInterfaceOrientationPortrait;
				INFOPLIST_KEY_UISupportedInterfaceOrientations_iPad = "UIInterfaceOrientationLandscapeLeft UIInterfaceOrientationLandscapeRight UIInterfaceOrientationPortrait UIInterfaceOrientationPortraitUpsideDown";
				IPHONEOS_DEPLOYMENT_TARGET = 18.0;
				LD_RUNPATH_SEARCH_PATHS = (
					"$(inherited)",
					"@executable_path/Frameworks",
				);
				MARKETING_VERSION = 1.0;
				PRODUCT_BUNDLE_IDENTIFIER = com.mwaqas91.theMovieDB;
				PRODUCT_NAME = "$(TARGET_NAME)";
				PROVISIONING_PROFILE_SPECIFIER = "";
				SUPPORTED_PLATFORMS = "iphoneos iphonesimulator";
				SUPPORTS_MACCATALYST = NO;
				SUPPORTS_MAC_DESIGNED_FOR_IPHONE_IPAD = NO;
				SUPPORTS_XR_DESIGNED_FOR_IPHONE_IPAD = NO;
				SWIFT_EMIT_LOC_STRINGS = YES;
				SWIFT_VERSION = 5.0;
				TARGETED_DEVICE_FAMILY = 1;
			};
			name = Release;
		};
		25C6F5612D4B6786004446C4 /* Debug */ = {
			isa = XCBuildConfiguration;
			buildSettings = {
				ALWAYS_SEARCH_USER_PATHS = NO;
				ASSETCATALOG_COMPILER_GENERATE_SWIFT_ASSET_SYMBOL_EXTENSIONS = YES;
				CLANG_ANALYZER_NONNULL = YES;
				CLANG_ANALYZER_NUMBER_OBJECT_CONVERSION = YES_AGGRESSIVE;
				CLANG_CXX_LANGUAGE_STANDARD = "gnu++20";
				CLANG_ENABLE_MODULES = YES;
				CLANG_ENABLE_OBJC_ARC = YES;
				CLANG_ENABLE_OBJC_WEAK = YES;
				CLANG_WARN_BLOCK_CAPTURE_AUTORELEASING = YES;
				CLANG_WARN_BOOL_CONVERSION = YES;
				CLANG_WARN_COMMA = YES;
				CLANG_WARN_CONSTANT_CONVERSION = YES;
				CLANG_WARN_DEPRECATED_OBJC_IMPLEMENTATIONS = YES;
				CLANG_WARN_DIRECT_OBJC_ISA_USAGE = YES_ERROR;
				CLANG_WARN_DOCUMENTATION_COMMENTS = YES;
				CLANG_WARN_EMPTY_BODY = YES;
				CLANG_WARN_ENUM_CONVERSION = YES;
				CLANG_WARN_INFINITE_RECURSION = YES;
				CLANG_WARN_INT_CONVERSION = YES;
				CLANG_WARN_NON_LITERAL_NULL_CONVERSION = YES;
				CLANG_WARN_OBJC_IMPLICIT_RETAIN_SELF = YES;
				CLANG_WARN_OBJC_LITERAL_CONVERSION = YES;
				CLANG_WARN_OBJC_ROOT_CLASS = YES_ERROR;
				CLANG_WARN_QUOTED_INCLUDE_IN_FRAMEWORK_HEADER = YES;
				CLANG_WARN_RANGE_LOOP_ANALYSIS = YES;
				CLANG_WARN_STRICT_PROTOTYPES = YES;
				CLANG_WARN_SUSPICIOUS_MOVE = YES;
				CLANG_WARN_UNGUARDED_AVAILABILITY = YES_AGGRESSIVE;
				CLANG_WARN_UNREACHABLE_CODE = YES;
				CLANG_WARN__DUPLICATE_METHOD_MATCH = YES;
				COPY_PHASE_STRIP = NO;
				DEBUG_INFORMATION_FORMAT = dwarf;
				ENABLE_STRICT_OBJC_MSGSEND = YES;
				ENABLE_TESTABILITY = YES;
				ENABLE_USER_SCRIPT_SANDBOXING = YES;
				GCC_C_LANGUAGE_STANDARD = gnu17;
				GCC_DYNAMIC_NO_PIC = NO;
				GCC_NO_COMMON_BLOCKS = YES;
				GCC_OPTIMIZATION_LEVEL = 0;
				GCC_PREPROCESSOR_DEFINITIONS = (
					"DEBUG=1",
					"$(inherited)",
				);
				GCC_WARN_64_TO_32_BIT_CONVERSION = YES;
				GCC_WARN_ABOUT_RETURN_TYPE = YES_ERROR;
				GCC_WARN_UNDECLARED_SELECTOR = YES;
				GCC_WARN_UNINITIALIZED_AUTOS = YES_AGGRESSIVE;
				GCC_WARN_UNUSED_FUNCTION = YES;
				GCC_WARN_UNUSED_VARIABLE = YES;
				IPHONEOS_DEPLOYMENT_TARGET = 18.2;
				LOCALIZATION_PREFERS_STRING_CATALOGS = YES;
				MTL_ENABLE_DEBUG_INFO = INCLUDE_SOURCE;
				MTL_FAST_MATH = YES;
				ONLY_ACTIVE_ARCH = YES;
				SDKROOT = iphoneos;
				SWIFT_ACTIVE_COMPILATION_CONDITIONS = "DEBUG $(inherited)";
				SWIFT_OPTIMIZATION_LEVEL = "-Onone";
			};
			name = Debug;
		};
		25C6F5622D4B6786004446C4 /* Release */ = {
			isa = XCBuildConfiguration;
			buildSettings = {
				ALWAYS_SEARCH_USER_PATHS = NO;
				ASSETCATALOG_COMPILER_GENERATE_SWIFT_ASSET_SYMBOL_EXTENSIONS = YES;
				CLANG_ANALYZER_NONNULL = YES;
				CLANG_ANALYZER_NUMBER_OBJECT_CONVERSION = YES_AGGRESSIVE;
				CLANG_CXX_LANGUAGE_STANDARD = "gnu++20";
				CLANG_ENABLE_MODULES = YES;
				CLANG_ENABLE_OBJC_ARC = YES;
				CLANG_ENABLE_OBJC_WEAK = YES;
				CLANG_WARN_BLOCK_CAPTURE_AUTORELEASING = YES;
				CLANG_WARN_BOOL_CONVERSION = YES;
				CLANG_WARN_COMMA = YES;
				CLANG_WARN_CONSTANT_CONVERSION = YES;
				CLANG_WARN_DEPRECATED_OBJC_IMPLEMENTATIONS = YES;
				CLANG_WARN_DIRECT_OBJC_ISA_USAGE = YES_ERROR;
				CLANG_WARN_DOCUMENTATION_COMMENTS = YES;
				CLANG_WARN_EMPTY_BODY = YES;
				CLANG_WARN_ENUM_CONVERSION = YES;
				CLANG_WARN_INFINITE_RECURSION = YES;
				CLANG_WARN_INT_CONVERSION = YES;
				CLANG_WARN_NON_LITERAL_NULL_CONVERSION = YES;
				CLANG_WARN_OBJC_IMPLICIT_RETAIN_SELF = YES;
				CLANG_WARN_OBJC_LITERAL_CONVERSION = YES;
				CLANG_WARN_OBJC_ROOT_CLASS = YES_ERROR;
				CLANG_WARN_QUOTED_INCLUDE_IN_FRAMEWORK_HEADER = YES;
				CLANG_WARN_RANGE_LOOP_ANALYSIS = YES;
				CLANG_WARN_STRICT_PROTOTYPES = YES;
				CLANG_WARN_SUSPICIOUS_MOVE = YES;
				CLANG_WARN_UNGUARDED_AVAILABILITY = YES_AGGRESSIVE;
				CLANG_WARN_UNREACHABLE_CODE = YES;
				CLANG_WARN__DUPLICATE_METHOD_MATCH = YES;
				COPY_PHASE_STRIP = NO;
				DEBUG_INFORMATION_FORMAT = "dwarf-with-dsym";
				ENABLE_NS_ASSERTIONS = NO;
				ENABLE_STRICT_OBJC_MSGSEND = YES;
				ENABLE_USER_SCRIPT_SANDBOXING = YES;
				GCC_C_LANGUAGE_STANDARD = gnu17;
				GCC_NO_COMMON_BLOCKS = YES;
				GCC_WARN_64_TO_32_BIT_CONVERSION = YES;
				GCC_WARN_ABOUT_RETURN_TYPE = YES_ERROR;
				GCC_WARN_UNDECLARED_SELECTOR = YES;
				GCC_WARN_UNINITIALIZED_AUTOS = YES_AGGRESSIVE;
				GCC_WARN_UNUSED_FUNCTION = YES;
				GCC_WARN_UNUSED_VARIABLE = YES;
				IPHONEOS_DEPLOYMENT_TARGET = 18.2;
				LOCALIZATION_PREFERS_STRING_CATALOGS = YES;
				MTL_ENABLE_DEBUG_INFO = NO;
				MTL_FAST_MATH = YES;
				SDKROOT = iphoneos;
				SWIFT_COMPILATION_MODE = wholemodule;
				VALIDATE_PRODUCT = YES;
			};
			name = Release;
		};
		25C6F5642D4B6786004446C4 /* Debug */ = {
			isa = XCBuildConfiguration;
			buildSettings = {
				BUNDLE_LOADER = "$(TEST_HOST)";
				CODE_SIGN_STYLE = Automatic;
				CURRENT_PROJECT_VERSION = 1;
				GENERATE_INFOPLIST_FILE = YES;
				IPHONEOS_DEPLOYMENT_TARGET = 18.2;
				MARKETING_VERSION = 1.0;
				PRODUCT_BUNDLE_IDENTIFIER = com.mwaqas91.theMovieDBTests;
				PRODUCT_NAME = "$(TARGET_NAME)";
				SUPPORTED_PLATFORMS = "iphoneos iphonesimulator";
				SUPPORTS_MACCATALYST = NO;
				SUPPORTS_MAC_DESIGNED_FOR_IPHONE_IPAD = NO;
				SUPPORTS_XR_DESIGNED_FOR_IPHONE_IPAD = NO;
				SWIFT_EMIT_LOC_STRINGS = NO;
				SWIFT_VERSION = 5.0;
				TARGETED_DEVICE_FAMILY = 1;
				TEST_HOST = "$(BUILT_PRODUCTS_DIR)/theMovieDB.app/$(BUNDLE_EXECUTABLE_FOLDER_PATH)/theMovieDB";
			};
			name = Debug;
		};
		25C6F5652D4B6786004446C4 /* Release */ = {
			isa = XCBuildConfiguration;
			buildSettings = {
				BUNDLE_LOADER = "$(TEST_HOST)";
				CODE_SIGN_STYLE = Automatic;
				CURRENT_PROJECT_VERSION = 1;
				GENERATE_INFOPLIST_FILE = YES;
				IPHONEOS_DEPLOYMENT_TARGET = 18.2;
				MARKETING_VERSION = 1.0;
				PRODUCT_BUNDLE_IDENTIFIER = com.mwaqas91.theMovieDBTests;
				PRODUCT_NAME = "$(TARGET_NAME)";
				SUPPORTED_PLATFORMS = "iphoneos iphonesimulator";
				SUPPORTS_MACCATALYST = NO;
				SUPPORTS_MAC_DESIGNED_FOR_IPHONE_IPAD = NO;
				SUPPORTS_XR_DESIGNED_FOR_IPHONE_IPAD = NO;
				SWIFT_EMIT_LOC_STRINGS = NO;
				SWIFT_VERSION = 5.0;
				TARGETED_DEVICE_FAMILY = 1;
				TEST_HOST = "$(BUILT_PRODUCTS_DIR)/theMovieDB.app/$(BUNDLE_EXECUTABLE_FOLDER_PATH)/theMovieDB";
			};
			name = Release;
		};
		25C6F5672D4B6786004446C4 /* Debug */ = {
			isa = XCBuildConfiguration;
			buildSettings = {
				CODE_SIGN_STYLE = Automatic;
				CURRENT_PROJECT_VERSION = 1;
				GENERATE_INFOPLIST_FILE = YES;
				MARKETING_VERSION = 1.0;
				PRODUCT_BUNDLE_IDENTIFIER = com.mwaqas91.theMovieDBUITests;
				PRODUCT_NAME = "$(TARGET_NAME)";
				SUPPORTED_PLATFORMS = "iphoneos iphonesimulator";
				SUPPORTS_MACCATALYST = NO;
				SUPPORTS_MAC_DESIGNED_FOR_IPHONE_IPAD = NO;
				SUPPORTS_XR_DESIGNED_FOR_IPHONE_IPAD = NO;
				SWIFT_EMIT_LOC_STRINGS = NO;
				SWIFT_VERSION = 5.0;
				TARGETED_DEVICE_FAMILY = 1;
				TEST_TARGET_NAME = theMovieDB;
			};
			name = Debug;
		};
		25C6F5682D4B6786004446C4 /* Release */ = {
			isa = XCBuildConfiguration;
			buildSettings = {
				CODE_SIGN_STYLE = Automatic;
				CURRENT_PROJECT_VERSION = 1;
				GENERATE_INFOPLIST_FILE = YES;
				MARKETING_VERSION = 1.0;
				PRODUCT_BUNDLE_IDENTIFIER = com.mwaqas91.theMovieDBUITests;
				PRODUCT_NAME = "$(TARGET_NAME)";
				SUPPORTED_PLATFORMS = "iphoneos iphonesimulator";
				SUPPORTS_MACCATALYST = NO;
				SUPPORTS_MAC_DESIGNED_FOR_IPHONE_IPAD = NO;
				SUPPORTS_XR_DESIGNED_FOR_IPHONE_IPAD = NO;
				SWIFT_EMIT_LOC_STRINGS = NO;
				SWIFT_VERSION = 5.0;
				TARGETED_DEVICE_FAMILY = 1;
				TEST_TARGET_NAME = theMovieDB;
			};
			name = Release;
		};
/* End XCBuildConfiguration section */

/* Begin XCConfigurationList section */
		25C6F5302D4B6784004446C4 /* Build configuration list for PBXProject "theMovieDB" */ = {
			isa = XCConfigurationList;
			buildConfigurations = (
				25C6F5612D4B6786004446C4 /* Debug */,
				25C6F5622D4B6786004446C4 /* Release */,
			);
			defaultConfigurationIsVisible = 0;
			defaultConfigurationName = Release;
		};
		25C6F55E2D4B6786004446C4 /* Build configuration list for PBXNativeTarget "theMovieDB" */ = {
			isa = XCConfigurationList;
			buildConfigurations = (
				25C6F55F2D4B6786004446C4 /* Debug */,
				25C6F5602D4B6786004446C4 /* Release */,
			);
			defaultConfigurationIsVisible = 0;
			defaultConfigurationName = Release;
		};
		25C6F5632D4B6786004446C4 /* Build configuration list for PBXNativeTarget "theMovieDBTests" */ = {
			isa = XCConfigurationList;
			buildConfigurations = (
				25C6F5642D4B6786004446C4 /* Debug */,
				25C6F5652D4B6786004446C4 /* Release */,
			);
			defaultConfigurationIsVisible = 0;
			defaultConfigurationName = Release;
		};
		25C6F5662D4B6786004446C4 /* Build configuration list for PBXNativeTarget "theMovieDBUITests" */ = {
			isa = XCConfigurationList;
			buildConfigurations = (
				25C6F5672D4B6786004446C4 /* Debug */,
				25C6F5682D4B6786004446C4 /* Release */,
			);
			defaultConfigurationIsVisible = 0;
			defaultConfigurationName = Release;
		};
/* End XCConfigurationList section */

/* Begin XCRemoteSwiftPackageReference section */
		2504B9572D513D5E004D197F /* XCRemoteSwiftPackageReference "RestAPIFramework" */ = {
			isa = XCRemoteSwiftPackageReference;
			repositoryURL = "https://github.com/muhammadwaqas91/RestAPIFramework.git";
			requirement = {
				kind = upToNextMajorVersion;
				minimumVersion = 1.0.0;
			};
		};
		2514E0FA2D4E3DDB000E87B1 /* XCRemoteSwiftPackageReference "Kingfisher" */ = {
			isa = XCRemoteSwiftPackageReference;
			repositoryURL = "https://github.com/onevcat/Kingfisher.git";
			requirement = {
				kind = upToNextMajorVersion;
				minimumVersion = 8.1.4;
			};
		};
/* End XCRemoteSwiftPackageReference section */

/* Begin XCSwiftPackageProductDependency section */
		2504B9582D513D5E004D197F /* RestAPIFramework */ = {
			isa = XCSwiftPackageProductDependency;
			package = 2504B9572D513D5E004D197F /* XCRemoteSwiftPackageReference "RestAPIFramework" */;
			productName = RestAPIFramework;
		};
		2514E0FC2D4E401B000E87B1 /* Kingfisher */ = {
			isa = XCSwiftPackageProductDependency;
			package = 2514E0FA2D4E3DDB000E87B1 /* XCRemoteSwiftPackageReference "Kingfisher" */;
			productName = Kingfisher;
		};
/* End XCSwiftPackageProductDependency section */
	};
	rootObject = 25C6F52D2D4B6784004446C4 /* Project object */;
}
