// !$*UTF8*$!
{
	archiveVersion = 1;
	classes = {
	};
	objectVersion = 51;
	objects = {

/* Begin PBXBuildFile section */
		87506CE7DA0A3DAEACEE21BC /* Pods_The_Movie_DB.framework in Frameworks */ = {isa = PBXBuildFile; fileRef = 0103A15388AFAC24F13F406A /* Pods_The_Movie_DB.framework */; };
		D8390473194F920B6B6BC0F6 /* Pods_The_Movie_DBTests.framework in Frameworks */ = {isa = PBXBuildFile; fileRef = 5EAF592F9C192C843FE6B1C6 /* Pods_The_Movie_DBTests.framework */; };
		FB7C127654EE159DA9C8EE59 /* Pods_The_Movie_DB_The_Movie_DBUITests.framework in Frameworks */ = {isa = PBXBuildFile; fileRef = 46AAA01CB7A539668748AB99 /* Pods_The_Movie_DB_The_Movie_DBUITests.framework */; };
		FD0A92CD24B0D45F001A7595 /* History.swift in Sources */ = {isa = PBXBuildFile; fileRef = FD0A92CC24B0D45F001A7595 /* History.swift */; };
		FD0A92CF24B0D4B7001A7595 /* Favorite.swift in Sources */ = {isa = PBXBuildFile; fileRef = FD0A92CE24B0D4B7001A7595 /* Favorite.swift */; };
		FD0A92D124B0D70B001A7595 /* CoreDataStack.swift in Sources */ = {isa = PBXBuildFile; fileRef = FD0A92D024B0D70B001A7595 /* CoreDataStack.swift */; };
		FD0D180524AAA69600BE5CB2 /* Reachability.swift in Sources */ = {isa = PBXBuildFile; fileRef = FD0D180424AAA69600BE5CB2 /* Reachability.swift */; };
		FD2EC4A524A7A5B900895D94 /* Main.storyboard in Resources */ = {isa = PBXBuildFile; fileRef = FD2EC4A324A7A5B900895D94 /* Main.storyboard */; };
		FD2EC4AA24A7A5BD00895D94 /* Assets.xcassets in Resources */ = {isa = PBXBuildFile; fileRef = FD2EC4A924A7A5BD00895D94 /* Assets.xcassets */; };
		FD2EC4AD24A7A5BD00895D94 /* LaunchScreen.storyboard in Resources */ = {isa = PBXBuildFile; fileRef = FD2EC4AB24A7A5BD00895D94 /* LaunchScreen.storyboard */; };
		FD2EC4B824A7A5BD00895D94 /* The_Movie_DBTests.swift in Sources */ = {isa = PBXBuildFile; fileRef = FD2EC4B724A7A5BD00895D94 /* The_Movie_DBTests.swift */; };
		FD2EC4C324A7A5BD00895D94 /* The_Movie_DBUITests.swift in Sources */ = {isa = PBXBuildFile; fileRef = FD2EC4C224A7A5BD00895D94 /* The_Movie_DBUITests.swift */; };
		FD2EC4D624A7A65900895D94 /* CoreDataManager.swift in Sources */ = {isa = PBXBuildFile; fileRef = FD2EC4D524A7A65900895D94 /* CoreDataManager.swift */; };
		FD2EC4D724A7A65900895D94 /* CoreDataManager.swift in Sources */ = {isa = PBXBuildFile; fileRef = FD2EC4D524A7A65900895D94 /* CoreDataManager.swift */; };
		FD2EC4D824A7A65900895D94 /* CoreDataManager.swift in Sources */ = {isa = PBXBuildFile; fileRef = FD2EC4D524A7A65900895D94 /* CoreDataManager.swift */; };
		FD2EC4E024A7A7B800895D94 /* AppDelegate.swift in Sources */ = {isa = PBXBuildFile; fileRef = FD2EC4DA24A7A7B700895D94 /* AppDelegate.swift */; };
		FD2EC4E124A7A7B800895D94 /* SceneDelegate.swift in Sources */ = {isa = PBXBuildFile; fileRef = FD2EC4DB24A7A7B700895D94 /* SceneDelegate.swift */; };
		FD2EC4E224A7A7B800895D94 /* The_Movie_DB.xcdatamodeld in Sources */ = {isa = PBXBuildFile; fileRef = FD2EC4DE24A7A7B800895D94 /* The_Movie_DB.xcdatamodeld */; };
		FD70DDCA24A7BE6100FCFAAF /* Constant Keys.swift in Sources */ = {isa = PBXBuildFile; fileRef = FD70DDC924A7BE6100FCFAAF /* Constant Keys.swift */; };
		FD70DDD424A7E5A700FCFAAF /* Extensions.swift in Sources */ = {isa = PBXBuildFile; fileRef = FD70DDD324A7E5A700FCFAAF /* Extensions.swift */; };
		FD70DDDA24A948C200FCFAAF /* MovieListVC.swift in Sources */ = {isa = PBXBuildFile; fileRef = FD70DDD924A948C200FCFAAF /* MovieListVC.swift */; };
		FD70DDDD24A94AF100FCFAAF /* MovieCell.swift in Sources */ = {isa = PBXBuildFile; fileRef = FD70DDDB24A94AF100FCFAAF /* MovieCell.swift */; };
		FD70DDDE24A94AF100FCFAAF /* MovieCell.xib in Resources */ = {isa = PBXBuildFile; fileRef = FD70DDDC24A94AF100FCFAAF /* MovieCell.xib */; };
		FD70DDE324A9549100FCFAAF /* Dynamic.swift in Sources */ = {isa = PBXBuildFile; fileRef = FD70DDE224A9549100FCFAAF /* Dynamic.swift */; };
		FD70DDE524A955BF00FCFAAF /* Movie.swift in Sources */ = {isa = PBXBuildFile; fileRef = FD70DDE424A955BF00FCFAAF /* Movie.swift */; };
		FD70DDE724A9669A00FCFAAF /* MovieListViewModel.swift in Sources */ = {isa = PBXBuildFile; fileRef = FD70DDE624A9669A00FCFAAF /* MovieListViewModel.swift */; };
		FD70DDE924A9706F00FCFAAF /* MovieList.swift in Sources */ = {isa = PBXBuildFile; fileRef = FD70DDE824A9706F00FCFAAF /* MovieList.swift */; };
		FD70DDEB24A9988600FCFAAF /* MovieViewModel.swift in Sources */ = {isa = PBXBuildFile; fileRef = FD70DDEA24A9988600FCFAAF /* MovieViewModel.swift */; };
		FD70DDF124A9E6CA00FCFAAF /* Configuration.swift in Sources */ = {isa = PBXBuildFile; fileRef = FD70DDF024A9E6CA00FCFAAF /* Configuration.swift */; };
		FD70DDF324AA0B9000FCFAAF /* Router.swift in Sources */ = {isa = PBXBuildFile; fileRef = FD70DDF224AA0B9000FCFAAF /* Router.swift */; };
		FD70DDF524AA0BEA00FCFAAF /* MovieDetailVC.swift in Sources */ = {isa = PBXBuildFile; fileRef = FD70DDF424AA0BEA00FCFAAF /* MovieDetailVC.swift */; };
		FD8720E524B0AD9800012D65 /* MovieListCollectionView.swift in Sources */ = {isa = PBXBuildFile; fileRef = FD8720E424B0AD9800012D65 /* MovieListCollectionView.swift */; };
		FDE28F7D24AB830400E8D841 /* MovieService.swift in Sources */ = {isa = PBXBuildFile; fileRef = FDE28F7C24AB830400E8D841 /* MovieService.swift */; };
		FDE28F7F24AB848700E8D841 /* RequestFactory.swift in Sources */ = {isa = PBXBuildFile; fileRef = FDE28F7E24AB848700E8D841 /* RequestFactory.swift */; };
		FDE28F8124AB852700E8D841 /* ResponseHandler.swift in Sources */ = {isa = PBXBuildFile; fileRef = FDE28F8024AB852700E8D841 /* ResponseHandler.swift */; };
		FDE28F8324AB858700E8D841 /* RequestService.swift in Sources */ = {isa = PBXBuildFile; fileRef = FDE28F8224AB858700E8D841 /* RequestService.swift */; };
		FDE28F8924AB861C00E8D841 /* JSONDecoderHelper.swift in Sources */ = {isa = PBXBuildFile; fileRef = FDE28F8824AB861C00E8D841 /* JSONDecoderHelper.swift */; };
		FDE28F8E24ABB24900E8D841 /* MovieListService.swift in Sources */ = {isa = PBXBuildFile; fileRef = FDE28F8D24ABB24900E8D841 /* MovieListService.swift */; };
		FDE28F9024ABBB5000E8D841 /* ConfigurationService.swift in Sources */ = {isa = PBXBuildFile; fileRef = FDE28F8F24ABBB5000E8D841 /* ConfigurationService.swift */; };
		FDE28F9224ABD73600E8D841 /* SearchService.swift in Sources */ = {isa = PBXBuildFile; fileRef = FDE28F9124ABD73600E8D841 /* SearchService.swift */; };
		FDE28F9424ABE66300E8D841 /* SearchListViewModel.swift in Sources */ = {isa = PBXBuildFile; fileRef = FDE28F9324ABE66300E8D841 /* SearchListViewModel.swift */; };
		FDE28F9824AC171900E8D841 /* MovieSearchBar.swift in Sources */ = {isa = PBXBuildFile; fileRef = FDE28F9724AC171800E8D841 /* MovieSearchBar.swift */; };
		FDE28FA124AC345F00E8D841 /* HistoryTagView.swift in Sources */ = {isa = PBXBuildFile; fileRef = FDE28F9F24AC345F00E8D841 /* HistoryTagView.swift */; };
		FDE28FA224AC345F00E8D841 /* HistoryTagView.xib in Resources */ = {isa = PBXBuildFile; fileRef = FDE28FA024AC345F00E8D841 /* HistoryTagView.xib */; };
		FDE28FA424AC5AC800E8D841 /* MovieListViewModelTest.swift in Sources */ = {isa = PBXBuildFile; fileRef = FDE28FA324AC5AC800E8D841 /* MovieListViewModelTest.swift */; };
		FDE28FA624AC771B00E8D841 /* MovieViewModelTest.swift in Sources */ = {isa = PBXBuildFile; fileRef = FDE28FA524AC771B00E8D841 /* MovieViewModelTest.swift */; };
/* End PBXBuildFile section */

/* Begin PBXContainerItemProxy section */
		FD2EC4B424A7A5BD00895D94 /* PBXContainerItemProxy */ = {
			isa = PBXContainerItemProxy;
			containerPortal = FD2EC49224A7A5B900895D94 /* Project object */;
			proxyType = 1;
			remoteGlobalIDString = FD2EC49924A7A5B900895D94;
			remoteInfo = "The Movie DB";
		};
		FD2EC4BF24A7A5BD00895D94 /* PBXContainerItemProxy */ = {
			isa = PBXContainerItemProxy;
			containerPortal = FD2EC49224A7A5B900895D94 /* Project object */;
			proxyType = 1;
			remoteGlobalIDString = FD2EC49924A7A5B900895D94;
			remoteInfo = "The Movie DB";
		};
/* End PBXContainerItemProxy section */

/* Begin PBXFileReference section */
		0103A15388AFAC24F13F406A /* Pods_The_Movie_DB.framework */ = {isa = PBXFileReference; explicitFileType = wrapper.framework; includeInIndex = 0; path = Pods_The_Movie_DB.framework; sourceTree = BUILT_PRODUCTS_DIR; };
		0503DA523210DDBDEEB60C5D /* Pods-The Movie DBTests.release.xcconfig */ = {isa = PBXFileReference; includeInIndex = 1; lastKnownFileType = text.xcconfig; name = "Pods-The Movie DBTests.release.xcconfig"; path = "Target Support Files/Pods-The Movie DBTests/Pods-The Movie DBTests.release.xcconfig"; sourceTree = "<group>"; };
		2535D70B7C2EACF5C291AB88 /* Pods-The Movie DBTests.debug.xcconfig */ = {isa = PBXFileReference; includeInIndex = 1; lastKnownFileType = text.xcconfig; name = "Pods-The Movie DBTests.debug.xcconfig"; path = "Target Support Files/Pods-The Movie DBTests/Pods-The Movie DBTests.debug.xcconfig"; sourceTree = "<group>"; };
		46AAA01CB7A539668748AB99 /* Pods_The_Movie_DB_The_Movie_DBUITests.framework */ = {isa = PBXFileReference; explicitFileType = wrapper.framework; includeInIndex = 0; path = Pods_The_Movie_DB_The_Movie_DBUITests.framework; sourceTree = BUILT_PRODUCTS_DIR; };
		5EAF592F9C192C843FE6B1C6 /* Pods_The_Movie_DBTests.framework */ = {isa = PBXFileReference; explicitFileType = wrapper.framework; includeInIndex = 0; path = Pods_The_Movie_DBTests.framework; sourceTree = BUILT_PRODUCTS_DIR; };
		99D04AE16314F575C76B596E /* Pods-The Movie DB-The Movie DBUITests.release.xcconfig */ = {isa = PBXFileReference; includeInIndex = 1; lastKnownFileType = text.xcconfig; name = "Pods-The Movie DB-The Movie DBUITests.release.xcconfig"; path = "Target Support Files/Pods-The Movie DB-The Movie DBUITests/Pods-The Movie DB-The Movie DBUITests.release.xcconfig"; sourceTree = "<group>"; };
		ACF035A620FED891BE332A06 /* Pods-The Movie DB.debug.xcconfig */ = {isa = PBXFileReference; includeInIndex = 1; lastKnownFileType = text.xcconfig; name = "Pods-The Movie DB.debug.xcconfig"; path = "Target Support Files/Pods-The Movie DB/Pods-The Movie DB.debug.xcconfig"; sourceTree = "<group>"; };
		B6BC29BAED8D988B92B8414C /* Pods-The Movie DB-The Movie DBUITests.debug.xcconfig */ = {isa = PBXFileReference; includeInIndex = 1; lastKnownFileType = text.xcconfig; name = "Pods-The Movie DB-The Movie DBUITests.debug.xcconfig"; path = "Target Support Files/Pods-The Movie DB-The Movie DBUITests/Pods-The Movie DB-The Movie DBUITests.debug.xcconfig"; sourceTree = "<group>"; };
		DEAD3E8F8DB48E68ADB34A9E /* Pods-The Movie DB.release.xcconfig */ = {isa = PBXFileReference; includeInIndex = 1; lastKnownFileType = text.xcconfig; name = "Pods-The Movie DB.release.xcconfig"; path = "Target Support Files/Pods-The Movie DB/Pods-The Movie DB.release.xcconfig"; sourceTree = "<group>"; };
		FD0A92CC24B0D45F001A7595 /* History.swift */ = {isa = PBXFileReference; lastKnownFileType = sourcecode.swift; path = History.swift; sourceTree = "<group>"; };
		FD0A92CE24B0D4B7001A7595 /* Favorite.swift */ = {isa = PBXFileReference; lastKnownFileType = sourcecode.swift; path = Favorite.swift; sourceTree = "<group>"; };
		FD0A92D024B0D70B001A7595 /* CoreDataStack.swift */ = {isa = PBXFileReference; lastKnownFileType = sourcecode.swift; path = CoreDataStack.swift; sourceTree = "<group>"; };
		FD0A92D424B14CEF001A7595 /* The_Movie_DB 2.xcdatamodel */ = {isa = PBXFileReference; lastKnownFileType = wrapper.xcdatamodel; path = "The_Movie_DB 2.xcdatamodel"; sourceTree = "<group>"; };
		FD0A92D524B15DCF001A7595 /* The_Movie_DB 3.xcdatamodel */ = {isa = PBXFileReference; lastKnownFileType = wrapper.xcdatamodel; path = "The_Movie_DB 3.xcdatamodel"; sourceTree = "<group>"; };
		FD0D180424AAA69600BE5CB2 /* Reachability.swift */ = {isa = PBXFileReference; fileEncoding = 4; lastKnownFileType = sourcecode.swift; path = Reachability.swift; sourceTree = "<group>"; };
		FD2EC49A24A7A5B900895D94 /* The Movie DB.app */ = {isa = PBXFileReference; explicitFileType = wrapper.application; includeInIndex = 0; path = "The Movie DB.app"; sourceTree = BUILT_PRODUCTS_DIR; };
		FD2EC4A424A7A5B900895D94 /* Base */ = {isa = PBXFileReference; lastKnownFileType = file.storyboard; name = Base; path = Base.lproj/Main.storyboard; sourceTree = "<group>"; };
		FD2EC4A924A7A5BD00895D94 /* Assets.xcassets */ = {isa = PBXFileReference; lastKnownFileType = folder.assetcatalog; path = Assets.xcassets; sourceTree = "<group>"; };
		FD2EC4AC24A7A5BD00895D94 /* Base */ = {isa = PBXFileReference; lastKnownFileType = file.storyboard; name = Base; path = Base.lproj/LaunchScreen.storyboard; sourceTree = "<group>"; };
		FD2EC4AE24A7A5BD00895D94 /* Info.plist */ = {isa = PBXFileReference; lastKnownFileType = text.plist.xml; path = Info.plist; sourceTree = "<group>"; };
		FD2EC4B324A7A5BD00895D94 /* The Movie DBTests.xctest */ = {isa = PBXFileReference; explicitFileType = wrapper.cfbundle; includeInIndex = 0; path = "The Movie DBTests.xctest"; sourceTree = BUILT_PRODUCTS_DIR; };
		FD2EC4B724A7A5BD00895D94 /* The_Movie_DBTests.swift */ = {isa = PBXFileReference; lastKnownFileType = sourcecode.swift; path = The_Movie_DBTests.swift; sourceTree = "<group>"; };
		FD2EC4B924A7A5BD00895D94 /* Info.plist */ = {isa = PBXFileReference; lastKnownFileType = text.plist.xml; path = Info.plist; sourceTree = "<group>"; };
		FD2EC4BE24A7A5BD00895D94 /* The Movie DBUITests.xctest */ = {isa = PBXFileReference; explicitFileType = wrapper.cfbundle; includeInIndex = 0; path = "The Movie DBUITests.xctest"; sourceTree = BUILT_PRODUCTS_DIR; };
		FD2EC4C224A7A5BD00895D94 /* The_Movie_DBUITests.swift */ = {isa = PBXFileReference; lastKnownFileType = sourcecode.swift; path = The_Movie_DBUITests.swift; sourceTree = "<group>"; };
		FD2EC4C424A7A5BD00895D94 /* Info.plist */ = {isa = PBXFileReference; lastKnownFileType = text.plist.xml; path = Info.plist; sourceTree = "<group>"; };
		FD2EC4D524A7A65900895D94 /* CoreDataManager.swift */ = {isa = PBXFileReference; fileEncoding = 4; lastKnownFileType = sourcecode.swift; path = CoreDataManager.swift; sourceTree = "<group>"; };
		FD2EC4DA24A7A7B700895D94 /* AppDelegate.swift */ = {isa = PBXFileReference; fileEncoding = 4; lastKnownFileType = sourcecode.swift; path = AppDelegate.swift; sourceTree = "<group>"; };
		FD2EC4DB24A7A7B700895D94 /* SceneDelegate.swift */ = {isa = PBXFileReference; fileEncoding = 4; lastKnownFileType = sourcecode.swift; path = SceneDelegate.swift; sourceTree = "<group>"; };
		FD2EC4DF24A7A7B800895D94 /* The_Movie_DB.xcdatamodel */ = {isa = PBXFileReference; lastKnownFileType = wrapper.xcdatamodel; path = The_Movie_DB.xcdatamodel; sourceTree = "<group>"; };
		FD70DDC924A7BE6100FCFAAF /* Constant Keys.swift */ = {isa = PBXFileReference; lastKnownFileType = sourcecode.swift; path = "Constant Keys.swift"; sourceTree = "<group>"; };
		FD70DDD324A7E5A700FCFAAF /* Extensions.swift */ = {isa = PBXFileReference; lastKnownFileType = sourcecode.swift; path = Extensions.swift; sourceTree = "<group>"; };
		FD70DDD924A948C200FCFAAF /* MovieListVC.swift */ = {isa = PBXFileReference; lastKnownFileType = sourcecode.swift; path = MovieListVC.swift; sourceTree = "<group>"; };
		FD70DDDB24A94AF100FCFAAF /* MovieCell.swift */ = {isa = PBXFileReference; lastKnownFileType = sourcecode.swift; path = MovieCell.swift; sourceTree = "<group>"; };
		FD70DDDC24A94AF100FCFAAF /* MovieCell.xib */ = {isa = PBXFileReference; lastKnownFileType = file.xib; path = MovieCell.xib; sourceTree = "<group>"; };
		FD70DDE224A9549100FCFAAF /* Dynamic.swift */ = {isa = PBXFileReference; lastKnownFileType = sourcecode.swift; path = Dynamic.swift; sourceTree = "<group>"; };
		FD70DDE424A955BF00FCFAAF /* Movie.swift */ = {isa = PBXFileReference; lastKnownFileType = sourcecode.swift; path = Movie.swift; sourceTree = "<group>"; };
		FD70DDE624A9669A00FCFAAF /* MovieListViewModel.swift */ = {isa = PBXFileReference; lastKnownFileType = sourcecode.swift; path = MovieListViewModel.swift; sourceTree = "<group>"; };
		FD70DDE824A9706F00FCFAAF /* MovieList.swift */ = {isa = PBXFileReference; lastKnownFileType = sourcecode.swift; path = MovieList.swift; sourceTree = "<group>"; };
		FD70DDEA24A9988600FCFAAF /* MovieViewModel.swift */ = {isa = PBXFileReference; lastKnownFileType = sourcecode.swift; path = MovieViewModel.swift; sourceTree = "<group>"; };
		FD70DDF024A9E6CA00FCFAAF /* Configuration.swift */ = {isa = PBXFileReference; lastKnownFileType = sourcecode.swift; path = Configuration.swift; sourceTree = "<group>"; };
		FD70DDF224AA0B9000FCFAAF /* Router.swift */ = {isa = PBXFileReference; lastKnownFileType = sourcecode.swift; path = Router.swift; sourceTree = "<group>"; };
		FD70DDF424AA0BEA00FCFAAF /* MovieDetailVC.swift */ = {isa = PBXFileReference; lastKnownFileType = sourcecode.swift; path = MovieDetailVC.swift; sourceTree = "<group>"; };
		FD8720E424B0AD9800012D65 /* MovieListCollectionView.swift */ = {isa = PBXFileReference; lastKnownFileType = sourcecode.swift; path = MovieListCollectionView.swift; sourceTree = "<group>"; };
		FDE28F7C24AB830400E8D841 /* MovieService.swift */ = {isa = PBXFileReference; lastKnownFileType = sourcecode.swift; path = MovieService.swift; sourceTree = "<group>"; };
		FDE28F7E24AB848700E8D841 /* RequestFactory.swift */ = {isa = PBXFileReference; lastKnownFileType = sourcecode.swift; path = RequestFactory.swift; sourceTree = "<group>"; };
		FDE28F8024AB852700E8D841 /* ResponseHandler.swift */ = {isa = PBXFileReference; lastKnownFileType = sourcecode.swift; path = ResponseHandler.swift; sourceTree = "<group>"; };
		FDE28F8224AB858700E8D841 /* RequestService.swift */ = {isa = PBXFileReference; lastKnownFileType = sourcecode.swift; path = RequestService.swift; sourceTree = "<group>"; };
		FDE28F8824AB861C00E8D841 /* JSONDecoderHelper.swift */ = {isa = PBXFileReference; lastKnownFileType = sourcecode.swift; path = JSONDecoderHelper.swift; sourceTree = "<group>"; };
		FDE28F8D24ABB24900E8D841 /* MovieListService.swift */ = {isa = PBXFileReference; lastKnownFileType = sourcecode.swift; path = MovieListService.swift; sourceTree = "<group>"; };
		FDE28F8F24ABBB5000E8D841 /* ConfigurationService.swift */ = {isa = PBXFileReference; lastKnownFileType = sourcecode.swift; path = ConfigurationService.swift; sourceTree = "<group>"; };
		FDE28F9124ABD73600E8D841 /* SearchService.swift */ = {isa = PBXFileReference; lastKnownFileType = sourcecode.swift; path = SearchService.swift; sourceTree = "<group>"; };
		FDE28F9324ABE66300E8D841 /* SearchListViewModel.swift */ = {isa = PBXFileReference; lastKnownFileType = sourcecode.swift; path = SearchListViewModel.swift; sourceTree = "<group>"; };
		FDE28F9724AC171800E8D841 /* MovieSearchBar.swift */ = {isa = PBXFileReference; lastKnownFileType = sourcecode.swift; path = MovieSearchBar.swift; sourceTree = "<group>"; };
		FDE28F9F24AC345F00E8D841 /* HistoryTagView.swift */ = {isa = PBXFileReference; lastKnownFileType = sourcecode.swift; path = HistoryTagView.swift; sourceTree = "<group>"; };
		FDE28FA024AC345F00E8D841 /* HistoryTagView.xib */ = {isa = PBXFileReference; lastKnownFileType = file.xib; path = HistoryTagView.xib; sourceTree = "<group>"; };
		FDE28FA324AC5AC800E8D841 /* MovieListViewModelTest.swift */ = {isa = PBXFileReference; lastKnownFileType = sourcecode.swift; path = MovieListViewModelTest.swift; sourceTree = "<group>"; };
		FDE28FA524AC771B00E8D841 /* MovieViewModelTest.swift */ = {isa = PBXFileReference; lastKnownFileType = sourcecode.swift; path = MovieViewModelTest.swift; sourceTree = "<group>"; };
/* End PBXFileReference section */

/* Begin PBXFrameworksBuildPhase section */
		FD2EC49724A7A5B900895D94 /* Frameworks */ = {
			isa = PBXFrameworksBuildPhase;
			buildActionMask = 2147483647;
			files = (
				87506CE7DA0A3DAEACEE21BC /* Pods_The_Movie_DB.framework in Frameworks */,
			);
			runOnlyForDeploymentPostprocessing = 0;
		};
		FD2EC4B024A7A5BD00895D94 /* Frameworks */ = {
			isa = PBXFrameworksBuildPhase;
			buildActionMask = 2147483647;
			files = (
				D8390473194F920B6B6BC0F6 /* Pods_The_Movie_DBTests.framework in Frameworks */,
			);
			runOnlyForDeploymentPostprocessing = 0;
		};
		FD2EC4BB24A7A5BD00895D94 /* Frameworks */ = {
			isa = PBXFrameworksBuildPhase;
			buildActionMask = 2147483647;
			files = (
				FB7C127654EE159DA9C8EE59 /* Pods_The_Movie_DB_The_Movie_DBUITests.framework in Frameworks */,
			);
			runOnlyForDeploymentPostprocessing = 0;
		};
/* End PBXFrameworksBuildPhase section */

/* Begin PBXGroup section */
		5E0FB183464D6B5A1727202E /* Frameworks */ = {
			isa = PBXGroup;
			children = (
				0103A15388AFAC24F13F406A /* Pods_The_Movie_DB.framework */,
				46AAA01CB7A539668748AB99 /* Pods_The_Movie_DB_The_Movie_DBUITests.framework */,
				5EAF592F9C192C843FE6B1C6 /* Pods_The_Movie_DBTests.framework */,
			);
			name = Frameworks;
			sourceTree = "<group>";
		};
		751247223D10E057642BB3E8 /* Pods */ = {
			isa = PBXGroup;
			children = (
				ACF035A620FED891BE332A06 /* Pods-The Movie DB.debug.xcconfig */,
				DEAD3E8F8DB48E68ADB34A9E /* Pods-The Movie DB.release.xcconfig */,
				B6BC29BAED8D988B92B8414C /* Pods-The Movie DB-The Movie DBUITests.debug.xcconfig */,
				99D04AE16314F575C76B596E /* Pods-The Movie DB-The Movie DBUITests.release.xcconfig */,
				2535D70B7C2EACF5C291AB88 /* Pods-The Movie DBTests.debug.xcconfig */,
				0503DA523210DDBDEEB60C5D /* Pods-The Movie DBTests.release.xcconfig */,
			);
			path = Pods;
			sourceTree = "<group>";
		};
		FD0D180324AAA69600BE5CB2 /* Resources */ = {
			isa = PBXGroup;
			children = (
				FD0D180424AAA69600BE5CB2 /* Reachability.swift */,
			);
			path = Resources;
			sourceTree = "<group>";
		};
		FD2EC49124A7A5B900895D94 = {
			isa = PBXGroup;
			children = (
				FD2EC49C24A7A5B900895D94 /* The Movie DB */,
				FD2EC4B624A7A5BD00895D94 /* The Movie DBTests */,
				FD2EC4C124A7A5BD00895D94 /* The Movie DBUITests */,
				FD2EC49B24A7A5B900895D94 /* Products */,
				751247223D10E057642BB3E8 /* Pods */,
				5E0FB183464D6B5A1727202E /* Frameworks */,
			);
			sourceTree = "<group>";
		};
		FD2EC49B24A7A5B900895D94 /* Products */ = {
			isa = PBXGroup;
			children = (
				FD2EC49A24A7A5B900895D94 /* The Movie DB.app */,
				FD2EC4B324A7A5BD00895D94 /* The Movie DBTests.xctest */,
				FD2EC4BE24A7A5BD00895D94 /* The Movie DBUITests.xctest */,
			);
			name = Products;
			sourceTree = "<group>";
		};
		FD2EC49C24A7A5B900895D94 /* The Movie DB */ = {
			isa = PBXGroup;
			children = (
				FD2EC4A924A7A5BD00895D94 /* Assets.xcassets */,
				FD2EC4AB24A7A5BD00895D94 /* LaunchScreen.storyboard */,
				FD2EC4AE24A7A5BD00895D94 /* Info.plist */,
				FD70DDC924A7BE6100FCFAAF /* Constant Keys.swift */,
				FD2EC4D924A7A7B700895D94 /* AppDelegates */,
				FD70DDCE24A7E44000FCFAAF /* Extensions */,
				FD0D180324AAA69600BE5CB2 /* Resources */,
				FDE28F6824AB05EE00E8D841 /* Services */,
				FD70DDDF24A9537200FCFAAF /* ViewModel */,
				FD70DDCB24A7E3EB00FCFAAF /* Model */,
				FD2EC4DC24A7A7B800895D94 /* View */,
				FD2EC4DD24A7A7B800895D94 /* CoreData */,
				FD2EC4D424A7A65900895D94 /* Managers */,
			);
			path = "The Movie DB";
			sourceTree = "<group>";
		};
		FD2EC4B624A7A5BD00895D94 /* The Movie DBTests */ = {
			isa = PBXGroup;
			children = (
				FD2EC4B724A7A5BD00895D94 /* The_Movie_DBTests.swift */,
				FDE28FA324AC5AC800E8D841 /* MovieListViewModelTest.swift */,
				FDE28FA524AC771B00E8D841 /* MovieViewModelTest.swift */,
				FD2EC4B924A7A5BD00895D94 /* Info.plist */,
			);
			path = "The Movie DBTests";
			sourceTree = "<group>";
		};
		FD2EC4C124A7A5BD00895D94 /* The Movie DBUITests */ = {
			isa = PBXGroup;
			children = (
				FD2EC4C224A7A5BD00895D94 /* The_Movie_DBUITests.swift */,
				FD2EC4C424A7A5BD00895D94 /* Info.plist */,
			);
			path = "The Movie DBUITests";
			sourceTree = "<group>";
		};
		FD2EC4D424A7A65900895D94 /* Managers */ = {
			isa = PBXGroup;
			children = (
				FD2EC4D524A7A65900895D94 /* CoreDataManager.swift */,
				FD0A92D024B0D70B001A7595 /* CoreDataStack.swift */,
			);
			path = Managers;
			sourceTree = "<group>";
		};
		FD2EC4D924A7A7B700895D94 /* AppDelegates */ = {
			isa = PBXGroup;
			children = (
				FD2EC4DA24A7A7B700895D94 /* AppDelegate.swift */,
				FD2EC4DB24A7A7B700895D94 /* SceneDelegate.swift */,
			);
			path = AppDelegates;
			sourceTree = "<group>";
		};
		FD2EC4DC24A7A7B800895D94 /* View */ = {
			isa = PBXGroup;
			children = (
				FD2EC4A324A7A5B900895D94 /* Main.storyboard */,
				FD70DDF224AA0B9000FCFAAF /* Router.swift */,
				FDE28F9724AC171800E8D841 /* MovieSearchBar.swift */,
				FDE28F9F24AC345F00E8D841 /* HistoryTagView.swift */,
				FDE28FA024AC345F00E8D841 /* HistoryTagView.xib */,
				FD8720E424B0AD9800012D65 /* MovieListCollectionView.swift */,
				FD70DDD924A948C200FCFAAF /* MovieListVC.swift */,
				FD70DDF424AA0BEA00FCFAAF /* MovieDetailVC.swift */,
				FD70DDDB24A94AF100FCFAAF /* MovieCell.swift */,
				FD70DDDC24A94AF100FCFAAF /* MovieCell.xib */,
			);
			path = View;
			sourceTree = "<group>";
		};
		FD2EC4DD24A7A7B800895D94 /* CoreData */ = {
			isa = PBXGroup;
			children = (
				FD2EC4DE24A7A7B800895D94 /* The_Movie_DB.xcdatamodeld */,
				FD0A92CC24B0D45F001A7595 /* History.swift */,
				FD0A92CE24B0D4B7001A7595 /* Favorite.swift */,
			);
			path = CoreData;
			sourceTree = "<group>";
		};
		FD70DDCB24A7E3EB00FCFAAF /* Model */ = {
			isa = PBXGroup;
			children = (
				FD70DDE224A9549100FCFAAF /* Dynamic.swift */,
				FD70DDE824A9706F00FCFAAF /* MovieList.swift */,
				FD70DDE424A955BF00FCFAAF /* Movie.swift */,
				FD70DDF024A9E6CA00FCFAAF /* Configuration.swift */,
			);
			path = Model;
			sourceTree = "<group>";
		};
		FD70DDCE24A7E44000FCFAAF /* Extensions */ = {
			isa = PBXGroup;
			children = (
				FD70DDD324A7E5A700FCFAAF /* Extensions.swift */,
			);
			path = Extensions;
			sourceTree = "<group>";
		};
		FD70DDDF24A9537200FCFAAF /* ViewModel */ = {
			isa = PBXGroup;
			children = (
				FD70DDE624A9669A00FCFAAF /* MovieListViewModel.swift */,
				FDE28F9324ABE66300E8D841 /* SearchListViewModel.swift */,
				FD70DDEA24A9988600FCFAAF /* MovieViewModel.swift */,
			);
			path = ViewModel;
			sourceTree = "<group>";
		};
		FDE28F6824AB05EE00E8D841 /* Services */ = {
			isa = PBXGroup;
			children = (
				FDE28F7C24AB830400E8D841 /* MovieService.swift */,
				FDE28F8D24ABB24900E8D841 /* MovieListService.swift */,
				FDE28F8F24ABBB5000E8D841 /* ConfigurationService.swift */,
				FDE28F9124ABD73600E8D841 /* SearchService.swift */,
				FDE28F8A24AB867B00E8D841 /* Network */,
				FDE28F8B24AB86B200E8D841 /* Parser */,
			);
			path = Services;
			sourceTree = "<group>";
		};
		FDE28F8A24AB867B00E8D841 /* Network */ = {
			isa = PBXGroup;
			children = (
				FDE28F7E24AB848700E8D841 /* RequestFactory.swift */,
				FDE28F8224AB858700E8D841 /* RequestService.swift */,
				FDE28F8024AB852700E8D841 /* ResponseHandler.swift */,
			);
			path = Network;
			sourceTree = "<group>";
		};
		FDE28F8B24AB86B200E8D841 /* Parser */ = {
			isa = PBXGroup;
			children = (
				FDE28F8824AB861C00E8D841 /* JSONDecoderHelper.swift */,
			);
			path = Parser;
			sourceTree = "<group>";
		};
/* End PBXGroup section */

/* Begin PBXNativeTarget section */
		FD2EC49924A7A5B900895D94 /* The Movie DB */ = {
			isa = PBXNativeTarget;
			buildConfigurationList = FD2EC4C724A7A5BD00895D94 /* Build configuration list for PBXNativeTarget "The Movie DB" */;
			buildPhases = (
				E9BFB5BFD4A6762811C4B424 /* [CP] Check Pods Manifest.lock */,
				FD2EC49624A7A5B900895D94 /* Sources */,
				FD2EC49724A7A5B900895D94 /* Frameworks */,
				FD2EC49824A7A5B900895D94 /* Resources */,
				2FF00E82D86092A27ECF2D59 /* [CP] Embed Pods Frameworks */,
			);
			buildRules = (
			);
			dependencies = (
			);
			name = "The Movie DB";
			productName = "The Movie DB";
			productReference = FD2EC49A24A7A5B900895D94 /* The Movie DB.app */;
			productType = "com.apple.product-type.application";
		};
		FD2EC4B224A7A5BD00895D94 /* The Movie DBTests */ = {
			isa = PBXNativeTarget;
			buildConfigurationList = FD2EC4CA24A7A5BD00895D94 /* Build configuration list for PBXNativeTarget "The Movie DBTests" */;
			buildPhases = (
				4B0A3643289A85D3516C3678 /* [CP] Check Pods Manifest.lock */,
				FD2EC4AF24A7A5BD00895D94 /* Sources */,
				FD2EC4B024A7A5BD00895D94 /* Frameworks */,
				FD2EC4B124A7A5BD00895D94 /* Resources */,
			);
			buildRules = (
			);
			dependencies = (
				FD2EC4B524A7A5BD00895D94 /* PBXTargetDependency */,
			);
			name = "The Movie DBTests";
			productName = "The Movie DBTests";
			productReference = FD2EC4B324A7A5BD00895D94 /* The Movie DBTests.xctest */;
			productType = "com.apple.product-type.bundle.unit-test";
		};
		FD2EC4BD24A7A5BD00895D94 /* The Movie DBUITests */ = {
			isa = PBXNativeTarget;
			buildConfigurationList = FD2EC4CD24A7A5BD00895D94 /* Build configuration list for PBXNativeTarget "The Movie DBUITests" */;
			buildPhases = (
				E8F2820CAAE8FD3BB01FFE2A /* [CP] Check Pods Manifest.lock */,
				FD2EC4BA24A7A5BD00895D94 /* Sources */,
				FD2EC4BB24A7A5BD00895D94 /* Frameworks */,
				FD2EC4BC24A7A5BD00895D94 /* Resources */,
				577EF02934E0DE2F50C631BE /* [CP] Embed Pods Frameworks */,
			);
			buildRules = (
			);
			dependencies = (
				FD2EC4C024A7A5BD00895D94 /* PBXTargetDependency */,
			);
			name = "The Movie DBUITests";
			productName = "The Movie DBUITests";
			productReference = FD2EC4BE24A7A5BD00895D94 /* The Movie DBUITests.xctest */;
			productType = "com.apple.product-type.bundle.ui-testing";
		};
/* End PBXNativeTarget section */

/* Begin PBXProject section */
		FD2EC49224A7A5B900895D94 /* Project object */ = {
			isa = PBXProject;
			attributes = {
				LastSwiftUpdateCheck = 1150;
				LastUpgradeCheck = 1150;
				ORGANIZATIONNAME = "Muhammad Jabbar";
				TargetAttributes = {
					FD2EC49924A7A5B900895D94 = {
						CreatedOnToolsVersion = 11.5;
					};
					FD2EC4B224A7A5BD00895D94 = {
						CreatedOnToolsVersion = 11.5;
						TestTargetID = FD2EC49924A7A5B900895D94;
					};
					FD2EC4BD24A7A5BD00895D94 = {
						CreatedOnToolsVersion = 11.5;
						TestTargetID = FD2EC49924A7A5B900895D94;
					};
				};
			};
			buildConfigurationList = FD2EC49524A7A5B900895D94 /* Build configuration list for PBXProject "The Movie DB" */;
			compatibilityVersion = "Xcode 9.3";
			developmentRegion = en;
			hasScannedForEncodings = 0;
			knownRegions = (
				en,
				Base,
			);
			mainGroup = FD2EC49124A7A5B900895D94;
			productRefGroup = FD2EC49B24A7A5B900895D94 /* Products */;
			projectDirPath = "";
			projectRoot = "";
			targets = (
				FD2EC49924A7A5B900895D94 /* The Movie DB */,
				FD2EC4B224A7A5BD00895D94 /* The Movie DBTests */,
				FD2EC4BD24A7A5BD00895D94 /* The Movie DBUITests */,
			);
		};
/* End PBXProject section */

/* Begin PBXResourcesBuildPhase section */
		FD2EC49824A7A5B900895D94 /* Resources */ = {
			isa = PBXResourcesBuildPhase;
			buildActionMask = 2147483647;
			files = (
				FD2EC4AD24A7A5BD00895D94 /* LaunchScreen.storyboard in Resources */,
				FD2EC4AA24A7A5BD00895D94 /* Assets.xcassets in Resources */,
				FDE28FA224AC345F00E8D841 /* HistoryTagView.xib in Resources */,
				FD70DDDE24A94AF100FCFAAF /* MovieCell.xib in Resources */,
				FD2EC4A524A7A5B900895D94 /* Main.storyboard in Resources */,
			);
			runOnlyForDeploymentPostprocessing = 0;
		};
		FD2EC4B124A7A5BD00895D94 /* Resources */ = {
			isa = PBXResourcesBuildPhase;
			buildActionMask = 2147483647;
			files = (
			);
			runOnlyForDeploymentPostprocessing = 0;
		};
		FD2EC4BC24A7A5BD00895D94 /* Resources */ = {
			isa = PBXResourcesBuildPhase;
			buildActionMask = 2147483647;
			files = (
			);
			runOnlyForDeploymentPostprocessing = 0;
		};
/* End PBXResourcesBuildPhase section */

/* Begin PBXShellScriptBuildPhase section */
		2FF00E82D86092A27ECF2D59 /* [CP] Embed Pods Frameworks */ = {
			isa = PBXShellScriptBuildPhase;
			buildActionMask = 2147483647;
			files = (
			);
			inputFileListPaths = (
				"${PODS_ROOT}/Target Support Files/Pods-The Movie DB/Pods-The Movie DB-frameworks-${CONFIGURATION}-input-files.xcfilelist",
			);
			name = "[CP] Embed Pods Frameworks";
			outputFileListPaths = (
				"${PODS_ROOT}/Target Support Files/Pods-The Movie DB/Pods-The Movie DB-frameworks-${CONFIGURATION}-output-files.xcfilelist",
			);
			runOnlyForDeploymentPostprocessing = 0;
			shellPath = /bin/sh;
			shellScript = "\"${PODS_ROOT}/Target Support Files/Pods-The Movie DB/Pods-The Movie DB-frameworks.sh\"\n";
			showEnvVarsInLog = 0;
		};
		4B0A3643289A85D3516C3678 /* [CP] Check Pods Manifest.lock */ = {
			isa = PBXShellScriptBuildPhase;
			buildActionMask = 2147483647;
			files = (
			);
			inputFileListPaths = (
			);
			inputPaths = (
				"${PODS_PODFILE_DIR_PATH}/Podfile.lock",
				"${PODS_ROOT}/Manifest.lock",
			);
			name = "[CP] Check Pods Manifest.lock";
			outputFileListPaths = (
			);
			outputPaths = (
				"$(DERIVED_FILE_DIR)/Pods-The Movie DBTests-checkManifestLockResult.txt",
			);
			runOnlyForDeploymentPostprocessing = 0;
			shellPath = /bin/sh;
			shellScript = "diff \"${PODS_PODFILE_DIR_PATH}/Podfile.lock\" \"${PODS_ROOT}/Manifest.lock\" > /dev/null\nif [ $? != 0 ] ; then\n    # print error to STDERR\n    echo \"error: The sandbox is not in sync with the Podfile.lock. Run 'pod install' or update your CocoaPods installation.\" >&2\n    exit 1\nfi\n# This output is used by Xcode 'outputs' to avoid re-running this script phase.\necho \"SUCCESS\" > \"${SCRIPT_OUTPUT_FILE_0}\"\n";
			showEnvVarsInLog = 0;
		};
		577EF02934E0DE2F50C631BE /* [CP] Embed Pods Frameworks */ = {
			isa = PBXShellScriptBuildPhase;
			buildActionMask = 2147483647;
			files = (
			);
			inputFileListPaths = (
				"${PODS_ROOT}/Target Support Files/Pods-The Movie DB-The Movie DBUITests/Pods-The Movie DB-The Movie DBUITests-frameworks-${CONFIGURATION}-input-files.xcfilelist",
			);
			name = "[CP] Embed Pods Frameworks";
			outputFileListPaths = (
				"${PODS_ROOT}/Target Support Files/Pods-The Movie DB-The Movie DBUITests/Pods-The Movie DB-The Movie DBUITests-frameworks-${CONFIGURATION}-output-files.xcfilelist",
			);
			runOnlyForDeploymentPostprocessing = 0;
			shellPath = /bin/sh;
			shellScript = "\"${PODS_ROOT}/Target Support Files/Pods-The Movie DB-The Movie DBUITests/Pods-The Movie DB-The Movie DBUITests-frameworks.sh\"\n";
			showEnvVarsInLog = 0;
		};
		E8F2820CAAE8FD3BB01FFE2A /* [CP] Check Pods Manifest.lock */ = {
			isa = PBXShellScriptBuildPhase;
			buildActionMask = 2147483647;
			files = (
			);
			inputFileListPaths = (
			);
			inputPaths = (
				"${PODS_PODFILE_DIR_PATH}/Podfile.lock",
				"${PODS_ROOT}/Manifest.lock",
			);
			name = "[CP] Check Pods Manifest.lock";
			outputFileListPaths = (
			);
			outputPaths = (
				"$(DERIVED_FILE_DIR)/Pods-The Movie DB-The Movie DBUITests-checkManifestLockResult.txt",
			);
			runOnlyForDeploymentPostprocessing = 0;
			shellPath = /bin/sh;
			shellScript = "diff \"${PODS_PODFILE_DIR_PATH}/Podfile.lock\" \"${PODS_ROOT}/Manifest.lock\" > /dev/null\nif [ $? != 0 ] ; then\n    # print error to STDERR\n    echo \"error: The sandbox is not in sync with the Podfile.lock. Run 'pod install' or update your CocoaPods installation.\" >&2\n    exit 1\nfi\n# This output is used by Xcode 'outputs' to avoid re-running this script phase.\necho \"SUCCESS\" > \"${SCRIPT_OUTPUT_FILE_0}\"\n";
			showEnvVarsInLog = 0;
		};
		E9BFB5BFD4A6762811C4B424 /* [CP] Check Pods Manifest.lock */ = {
			isa = PBXShellScriptBuildPhase;
			buildActionMask = 2147483647;
			files = (
			);
			inputFileListPaths = (
			);
			inputPaths = (
				"${PODS_PODFILE_DIR_PATH}/Podfile.lock",
				"${PODS_ROOT}/Manifest.lock",
			);
			name = "[CP] Check Pods Manifest.lock";
			outputFileListPaths = (
			);
			outputPaths = (
				"$(DERIVED_FILE_DIR)/Pods-The Movie DB-checkManifestLockResult.txt",
			);
			runOnlyForDeploymentPostprocessing = 0;
			shellPath = /bin/sh;
			shellScript = "diff \"${PODS_PODFILE_DIR_PATH}/Podfile.lock\" \"${PODS_ROOT}/Manifest.lock\" > /dev/null\nif [ $? != 0 ] ; then\n    # print error to STDERR\n    echo \"error: The sandbox is not in sync with the Podfile.lock. Run 'pod install' or update your CocoaPods installation.\" >&2\n    exit 1\nfi\n# This output is used by Xcode 'outputs' to avoid re-running this script phase.\necho \"SUCCESS\" > \"${SCRIPT_OUTPUT_FILE_0}\"\n";
			showEnvVarsInLog = 0;
		};
/* End PBXShellScriptBuildPhase section */

/* Begin PBXSourcesBuildPhase section */
		FD2EC49624A7A5B900895D94 /* Sources */ = {
			isa = PBXSourcesBuildPhase;
			buildActionMask = 2147483647;
			files = (
				FD70DDF524AA0BEA00FCFAAF /* MovieDetailVC.swift in Sources */,
				FDE28F8324AB858700E8D841 /* RequestService.swift in Sources */,
				FDE28F9424ABE66300E8D841 /* SearchListViewModel.swift in Sources */,
				FD70DDD424A7E5A700FCFAAF /* Extensions.swift in Sources */,
				FD0D180524AAA69600BE5CB2 /* Reachability.swift in Sources */,
				FDE28F7F24AB848700E8D841 /* RequestFactory.swift in Sources */,
				FD8720E524B0AD9800012D65 /* MovieListCollectionView.swift in Sources */,
				FD0A92D124B0D70B001A7595 /* CoreDataStack.swift in Sources */,
				FDE28F8124AB852700E8D841 /* ResponseHandler.swift in Sources */,
				FD2EC4E024A7A7B800895D94 /* AppDelegate.swift in Sources */,
				FD70DDE924A9706F00FCFAAF /* MovieList.swift in Sources */,
				FDE28F9024ABBB5000E8D841 /* ConfigurationService.swift in Sources */,
				FD70DDF324AA0B9000FCFAAF /* Router.swift in Sources */,
				FDE28F9824AC171900E8D841 /* MovieSearchBar.swift in Sources */,
				FDE28FA124AC345F00E8D841 /* HistoryTagView.swift in Sources */,
				FD2EC4D624A7A65900895D94 /* CoreDataManager.swift in Sources */,
				FD70DDE724A9669A00FCFAAF /* MovieListViewModel.swift in Sources */,
				FDE28F8E24ABB24900E8D841 /* MovieListService.swift in Sources */,
				FD70DDDA24A948C200FCFAAF /* MovieListVC.swift in Sources */,
				FD70DDCA24A7BE6100FCFAAF /* Constant Keys.swift in Sources */,
				FD0A92CF24B0D4B7001A7595 /* Favorite.swift in Sources */,
				FDE28F7D24AB830400E8D841 /* MovieService.swift in Sources */,
				FDE28F8924AB861C00E8D841 /* JSONDecoderHelper.swift in Sources */,
				FD70DDE524A955BF00FCFAAF /* Movie.swift in Sources */,
				FD70DDF124A9E6CA00FCFAAF /* Configuration.swift in Sources */,
				FD70DDEB24A9988600FCFAAF /* MovieViewModel.swift in Sources */,
				FD0A92CD24B0D45F001A7595 /* History.swift in Sources */,
				FD2EC4E224A7A7B800895D94 /* The_Movie_DB.xcdatamodeld in Sources */,
				FD70DDE324A9549100FCFAAF /* Dynamic.swift in Sources */,
				FDE28F9224ABD73600E8D841 /* SearchService.swift in Sources */,
				FD70DDDD24A94AF100FCFAAF /* MovieCell.swift in Sources */,
				FD2EC4E124A7A7B800895D94 /* SceneDelegate.swift in Sources */,
			);
			runOnlyForDeploymentPostprocessing = 0;
		};
		FD2EC4AF24A7A5BD00895D94 /* Sources */ = {
			isa = PBXSourcesBuildPhase;
			buildActionMask = 2147483647;
			files = (
				FD2EC4D724A7A65900895D94 /* CoreDataManager.swift in Sources */,
				FD2EC4B824A7A5BD00895D94 /* The_Movie_DBTests.swift in Sources */,
				FDE28FA424AC5AC800E8D841 /* MovieListViewModelTest.swift in Sources */,
				FDE28FA624AC771B00E8D841 /* MovieViewModelTest.swift in Sources */,
			);
			runOnlyForDeploymentPostprocessing = 0;
		};
		FD2EC4BA24A7A5BD00895D94 /* Sources */ = {
			isa = PBXSourcesBuildPhase;
			buildActionMask = 2147483647;
			files = (
				FD2EC4D824A7A65900895D94 /* CoreDataManager.swift in Sources */,
				FD2EC4C324A7A5BD00895D94 /* The_Movie_DBUITests.swift in Sources */,
			);
			runOnlyForDeploymentPostprocessing = 0;
		};
/* End PBXSourcesBuildPhase section */

/* Begin PBXTargetDependency section */
		FD2EC4B524A7A5BD00895D94 /* PBXTargetDependency */ = {
			isa = PBXTargetDependency;
			target = FD2EC49924A7A5B900895D94 /* The Movie DB */;
			targetProxy = FD2EC4B424A7A5BD00895D94 /* PBXContainerItemProxy */;
		};
		FD2EC4C024A7A5BD00895D94 /* PBXTargetDependency */ = {
			isa = PBXTargetDependency;
			target = FD2EC49924A7A5B900895D94 /* The Movie DB */;
			targetProxy = FD2EC4BF24A7A5BD00895D94 /* PBXContainerItemProxy */;
		};
/* End PBXTargetDependency section */

/* Begin PBXVariantGroup section */
		FD2EC4A324A7A5B900895D94 /* Main.storyboard */ = {
			isa = PBXVariantGroup;
			children = (
				FD2EC4A424A7A5B900895D94 /* Base */,
			);
			name = Main.storyboard;
			sourceTree = "<group>";
		};
		FD2EC4AB24A7A5BD00895D94 /* LaunchScreen.storyboard */ = {
			isa = PBXVariantGroup;
			children = (
				FD2EC4AC24A7A5BD00895D94 /* Base */,
			);
			name = LaunchScreen.storyboard;
			sourceTree = "<group>";
		};
/* End PBXVariantGroup section */

/* Begin XCBuildConfiguration section */
		FD2EC4C524A7A5BD00895D94 /* Debug */ = {
			isa = XCBuildConfiguration;
			buildSettings = {
				ALWAYS_SEARCH_USER_PATHS = NO;
				CLANG_ANALYZER_NONNULL = YES;
				CLANG_ANALYZER_NUMBER_OBJECT_CONVERSION = YES_AGGRESSIVE;
				CLANG_CXX_LANGUAGE_STANDARD = "gnu++14";
				CLANG_CXX_LIBRARY = "libc++";
				CLANG_ENABLE_MODULES = YES;
				CLANG_ENABLE_OBJC_ARC = YES;
				CLANG_ENABLE_OBJC_WEAK = YES;
				CLANG_WARN_BLOCK_CAPTURE_AUTORELEASING = YES;
				CLANG_WARN_BOOL_CONVERSION = YES;
				CLANG_WARN_COMMA = YES;
				CLANG_WARN_CONSTANT_CONVERSION = YES;
				CLANG_WARN_DEPRECATED_OBJC_IMPLEMENTATIONS = YES;
				CLANG_WARN_DIRECT_OBJC_ISA_USAGE = YES_ERROR;
				CLANG_WARN_DOCUMENTATION_COMMENTS = YES;
				CLANG_WARN_EMPTY_BODY = YES;
				CLANG_WARN_ENUM_CONVERSION = YES;
				CLANG_WARN_INFINITE_RECURSION = YES;
				CLANG_WARN_INT_CONVERSION = YES;
				CLANG_WARN_NON_LITERAL_NULL_CONVERSION = YES;
				CLANG_WARN_OBJC_IMPLICIT_RETAIN_SELF = YES;
				CLANG_WARN_OBJC_LITERAL_CONVERSION = YES;
				CLANG_WARN_OBJC_ROOT_CLASS = YES_ERROR;
				CLANG_WARN_RANGE_LOOP_ANALYSIS = YES;
				CLANG_WARN_STRICT_PROTOTYPES = YES;
				CLANG_WARN_SUSPICIOUS_MOVE = YES;
				CLANG_WARN_UNGUARDED_AVAILABILITY = YES_AGGRESSIVE;
				CLANG_WARN_UNREACHABLE_CODE = YES;
				CLANG_WARN__DUPLICATE_METHOD_MATCH = YES;
				COPY_PHASE_STRIP = NO;
				DEBUG_INFORMATION_FORMAT = dwarf;
				ENABLE_STRICT_OBJC_MSGSEND = YES;
				ENABLE_TESTABILITY = YES;
				GCC_C_LANGUAGE_STANDARD = gnu11;
				GCC_DYNAMIC_NO_PIC = NO;
				GCC_NO_COMMON_BLOCKS = YES;
				GCC_OPTIMIZATION_LEVEL = 0;
				GCC_PREPROCESSOR_DEFINITIONS = (
					"DEBUG=1",
					"$(inherited)",
				);
				GCC_WARN_64_TO_32_BIT_CONVERSION = YES;
				GCC_WARN_ABOUT_RETURN_TYPE = YES_ERROR;
				GCC_WARN_UNDECLARED_SELECTOR = YES;
				GCC_WARN_UNINITIALIZED_AUTOS = YES_AGGRESSIVE;
				GCC_WARN_UNUSED_FUNCTION = YES;
				GCC_WARN_UNUSED_VARIABLE = YES;
				IPHONEOS_DEPLOYMENT_TARGET = 13.5;
				MTL_ENABLE_DEBUG_INFO = INCLUDE_SOURCE;
				MTL_FAST_MATH = YES;
				ONLY_ACTIVE_ARCH = YES;
				SDKROOT = iphoneos;
				SWIFT_ACTIVE_COMPILATION_CONDITIONS = DEBUG;
				SWIFT_OPTIMIZATION_LEVEL = "-Onone";
			};
			name = Debug;
		};
		FD2EC4C624A7A5BD00895D94 /* Release */ = {
			isa = XCBuildConfiguration;
			buildSettings = {
				ALWAYS_SEARCH_USER_PATHS = NO;
				CLANG_ANALYZER_NONNULL = YES;
				CLANG_ANALYZER_NUMBER_OBJECT_CONVERSION = YES_AGGRESSIVE;
				CLANG_CXX_LANGUAGE_STANDARD = "gnu++14";
				CLANG_CXX_LIBRARY = "libc++";
				CLANG_ENABLE_MODULES = YES;
				CLANG_ENABLE_OBJC_ARC = YES;
				CLANG_ENABLE_OBJC_WEAK = YES;
				CLANG_WARN_BLOCK_CAPTURE_AUTORELEASING = YES;
				CLANG_WARN_BOOL_CONVERSION = YES;
				CLANG_WARN_COMMA = YES;
				CLANG_WARN_CONSTANT_CONVERSION = YES;
				CLANG_WARN_DEPRECATED_OBJC_IMPLEMENTATIONS = YES;
				CLANG_WARN_DIRECT_OBJC_ISA_USAGE = YES_ERROR;
				CLANG_WARN_DOCUMENTATION_COMMENTS = YES;
				CLANG_WARN_EMPTY_BODY = YES;
				CLANG_WARN_ENUM_CONVERSION = YES;
				CLANG_WARN_INFINITE_RECURSION = YES;
				CLANG_WARN_INT_CONVERSION = YES;
				CLANG_WARN_NON_LITERAL_NULL_CONVERSION = YES;
				CLANG_WARN_OBJC_IMPLICIT_RETAIN_SELF = YES;
				CLANG_WARN_OBJC_LITERAL_CONVERSION = YES;
				CLANG_WARN_OBJC_ROOT_CLASS = YES_ERROR;
				CLANG_WARN_RANGE_LOOP_ANALYSIS = YES;
				CLANG_WARN_STRICT_PROTOTYPES = YES;
				CLANG_WARN_SUSPICIOUS_MOVE = YES;
				CLANG_WARN_UNGUARDED_AVAILABILITY = YES_AGGRESSIVE;
				CLANG_WARN_UNREACHABLE_CODE = YES;
				CLANG_WARN__DUPLICATE_METHOD_MATCH = YES;
				COPY_PHASE_STRIP = NO;
				DEBUG_INFORMATION_FORMAT = "dwarf-with-dsym";
				ENABLE_NS_ASSERTIONS = NO;
				ENABLE_STRICT_OBJC_MSGSEND = YES;
				GCC_C_LANGUAGE_STANDARD = gnu11;
				GCC_NO_COMMON_BLOCKS = YES;
				GCC_WARN_64_TO_32_BIT_CONVERSION = YES;
				GCC_WARN_ABOUT_RETURN_TYPE = YES_ERROR;
				GCC_WARN_UNDECLARED_SELECTOR = YES;
				GCC_WARN_UNINITIALIZED_AUTOS = YES_AGGRESSIVE;
				GCC_WARN_UNUSED_FUNCTION = YES;
				GCC_WARN_UNUSED_VARIABLE = YES;
				IPHONEOS_DEPLOYMENT_TARGET = 13.5;
				MTL_ENABLE_DEBUG_INFO = NO;
				MTL_FAST_MATH = YES;
				SDKROOT = iphoneos;
				SWIFT_COMPILATION_MODE = wholemodule;
				SWIFT_OPTIMIZATION_LEVEL = "-O";
				VALIDATE_PRODUCT = YES;
			};
			name = Release;
		};
		FD2EC4C824A7A5BD00895D94 /* Debug */ = {
			isa = XCBuildConfiguration;
			baseConfigurationReference = ACF035A620FED891BE332A06 /* Pods-The Movie DB.debug.xcconfig */;
			buildSettings = {
				ASSETCATALOG_COMPILER_APPICON_NAME = AppIcon;
				CODE_SIGN_STYLE = Automatic;
				DEVELOPMENT_TEAM = 32CP7BS2N6;
				INFOPLIST_FILE = "The Movie DB/Info.plist";
				LD_RUNPATH_SEARCH_PATHS = (
					"$(inherited)",
					"@executable_path/Frameworks",
				);
				PRODUCT_BUNDLE_IDENTIFIER = "com.company.The-Movie-DB";
				PRODUCT_NAME = "$(TARGET_NAME)";
				SWIFT_VERSION = 5.0;
				TARGETED_DEVICE_FAMILY = "1,2";
			};
			name = Debug;
		};
		FD2EC4C924A7A5BD00895D94 /* Release */ = {
			isa = XCBuildConfiguration;
			baseConfigurationReference = DEAD3E8F8DB48E68ADB34A9E /* Pods-The Movie DB.release.xcconfig */;
			buildSettings = {
				ASSETCATALOG_COMPILER_APPICON_NAME = AppIcon;
				CODE_SIGN_STYLE = Automatic;
				DEVELOPMENT_TEAM = 32CP7BS2N6;
				INFOPLIST_FILE = "The Movie DB/Info.plist";
				LD_RUNPATH_SEARCH_PATHS = (
					"$(inherited)",
					"@executable_path/Frameworks",
				);
				PRODUCT_BUNDLE_IDENTIFIER = "com.company.The-Movie-DB";
				PRODUCT_NAME = "$(TARGET_NAME)";
				SWIFT_VERSION = 5.0;
				TARGETED_DEVICE_FAMILY = "1,2";
			};
			name = Release;
		};
		FD2EC4CB24A7A5BD00895D94 /* Debug */ = {
			isa = XCBuildConfiguration;
			baseConfigurationReference = 2535D70B7C2EACF5C291AB88 /* Pods-The Movie DBTests.debug.xcconfig */;
			buildSettings = {
				ALWAYS_EMBED_SWIFT_STANDARD_LIBRARIES = YES;
				BUNDLE_LOADER = "$(TEST_HOST)";
				CODE_SIGN_STYLE = Automatic;
				DEVELOPMENT_TEAM = 32CP7BS2N6;
				INFOPLIST_FILE = "The Movie DBTests/Info.plist";
				IPHONEOS_DEPLOYMENT_TARGET = 13.5;
				LD_RUNPATH_SEARCH_PATHS = (
					"$(inherited)",
					"@executable_path/Frameworks",
					"@loader_path/Frameworks",
				);
				PRODUCT_BUNDLE_IDENTIFIER = "com.company.The-Movie-DBTests";
				PRODUCT_NAME = "$(TARGET_NAME)";
				SWIFT_VERSION = 5.0;
				TARGETED_DEVICE_FAMILY = "1,2";
				TEST_HOST = "$(BUILT_PRODUCTS_DIR)/The Movie DB.app/The Movie DB";
			};
			name = Debug;
		};
		FD2EC4CC24A7A5BD00895D94 /* Release */ = {
			isa = XCBuildConfiguration;
			baseConfigurationReference = 0503DA523210DDBDEEB60C5D /* Pods-The Movie DBTests.release.xcconfig */;
			buildSettings = {
				ALWAYS_EMBED_SWIFT_STANDARD_LIBRARIES = YES;
				BUNDLE_LOADER = "$(TEST_HOST)";
				CODE_SIGN_STYLE = Automatic;
				DEVELOPMENT_TEAM = 32CP7BS2N6;
				INFOPLIST_FILE = "The Movie DBTests/Info.plist";
				IPHONEOS_DEPLOYMENT_TARGET = 13.5;
				LD_RUNPATH_SEARCH_PATHS = (
					"$(inherited)",
					"@executable_path/Frameworks",
					"@loader_path/Frameworks",
				);
				PRODUCT_BUNDLE_IDENTIFIER = "com.company.The-Movie-DBTests";
				PRODUCT_NAME = "$(TARGET_NAME)";
				SWIFT_VERSION = 5.0;
				TARGETED_DEVICE_FAMILY = "1,2";
				TEST_HOST = "$(BUILT_PRODUCTS_DIR)/The Movie DB.app/The Movie DB";
			};
			name = Release;
		};
		FD2EC4CE24A7A5BD00895D94 /* Debug */ = {
			isa = XCBuildConfiguration;
			baseConfigurationReference = B6BC29BAED8D988B92B8414C /* Pods-The Movie DB-The Movie DBUITests.debug.xcconfig */;
			buildSettings = {
				ALWAYS_EMBED_SWIFT_STANDARD_LIBRARIES = YES;
				CODE_SIGN_STYLE = Automatic;
				DEVELOPMENT_TEAM = 32CP7BS2N6;
				INFOPLIST_FILE = "The Movie DBUITests/Info.plist";
				LD_RUNPATH_SEARCH_PATHS = (
					"$(inherited)",
					"@executable_path/Frameworks",
					"@loader_path/Frameworks",
				);
				PRODUCT_BUNDLE_IDENTIFIER = "com.company.The-Movie-DBUITests";
				PRODUCT_NAME = "$(TARGET_NAME)";
				SWIFT_VERSION = 5.0;
				TARGETED_DEVICE_FAMILY = "1,2";
				TEST_TARGET_NAME = "The Movie DB";
			};
			name = Debug;
		};
		FD2EC4CF24A7A5BD00895D94 /* Release */ = {
			isa = XCBuildConfiguration;
			baseConfigurationReference = 99D04AE16314F575C76B596E /* Pods-The Movie DB-The Movie DBUITests.release.xcconfig */;
			buildSettings = {
				ALWAYS_EMBED_SWIFT_STANDARD_LIBRARIES = YES;
				CODE_SIGN_STYLE = Automatic;
				DEVELOPMENT_TEAM = 32CP7BS2N6;
				INFOPLIST_FILE = "The Movie DBUITests/Info.plist";
				LD_RUNPATH_SEARCH_PATHS = (
					"$(inherited)",
					"@executable_path/Frameworks",
					"@loader_path/Frameworks",
				);
				PRODUCT_BUNDLE_IDENTIFIER = "com.company.The-Movie-DBUITests";
				PRODUCT_NAME = "$(TARGET_NAME)";
				SWIFT_VERSION = 5.0;
				TARGETED_DEVICE_FAMILY = "1,2";
				TEST_TARGET_NAME = "The Movie DB";
			};
			name = Release;
		};
/* End XCBuildConfiguration section */

/* Begin XCConfigurationList section */
		FD2EC49524A7A5B900895D94 /* Build configuration list for PBXProject "The Movie DB" */ = {
			isa = XCConfigurationList;
			buildConfigurations = (
				FD2EC4C524A7A5BD00895D94 /* Debug */,
				FD2EC4C624A7A5BD00895D94 /* Release */,
			);
			defaultConfigurationIsVisible = 0;
			defaultConfigurationName = Release;
		};
		FD2EC4C724A7A5BD00895D94 /* Build configuration list for PBXNativeTarget "The Movie DB" */ = {
			isa = XCConfigurationList;
			buildConfigurations = (
				FD2EC4C824A7A5BD00895D94 /* Debug */,
				FD2EC4C924A7A5BD00895D94 /* Release */,
			);
			defaultConfigurationIsVisible = 0;
			defaultConfigurationName = Release;
		};
		FD2EC4CA24A7A5BD00895D94 /* Build configuration list for PBXNativeTarget "The Movie DBTests" */ = {
			isa = XCConfigurationList;
			buildConfigurations = (
				FD2EC4CB24A7A5BD00895D94 /* Debug */,
				FD2EC4CC24A7A5BD00895D94 /* Release */,
			);
			defaultConfigurationIsVisible = 0;
			defaultConfigurationName = Release;
		};
		FD2EC4CD24A7A5BD00895D94 /* Build configuration list for PBXNativeTarget "The Movie DBUITests" */ = {
			isa = XCConfigurationList;
			buildConfigurations = (
				FD2EC4CE24A7A5BD00895D94 /* Debug */,
				FD2EC4CF24A7A5BD00895D94 /* Release */,
			);
			defaultConfigurationIsVisible = 0;
			defaultConfigurationName = Release;
		};
/* End XCConfigurationList section */

/* Begin XCVersionGroup section */
		FD2EC4DE24A7A7B800895D94 /* The_Movie_DB.xcdatamodeld */ = {
			isa = XCVersionGroup;
			children = (
				FD0A92D524B15DCF001A7595 /* The_Movie_DB 3.xcdatamodel */,
				FD0A92D424B14CEF001A7595 /* The_Movie_DB 2.xcdatamodel */,
				FD2EC4DF24A7A7B800895D94 /* The_Movie_DB.xcdatamodel */,
			);
			currentVersion = FD0A92D424B14CEF001A7595 /* The_Movie_DB 2.xcdatamodel */;
			path = The_Movie_DB.xcdatamodeld;
			sourceTree = "<group>";
			versionGroupType = wrapper.xcdatamodel;
		};
/* End XCVersionGroup section */
	};
	rootObject = FD2EC49224A7A5B900895D94 /* Project object */;
}
